PODS:
  - RxCocoa (4.3.1):
    - RxSwift (~> 4.0)
  - RxSwift (4.3.1)
  - SwiftRex (0.3.1):
    - RxSwift

DEPENDENCIES:
  - RxCocoa (from `https://github.com/ReactiveX/RxSwift.git`)
  - RxSwift (from `https://github.com/ReactiveX/RxSwift.git`)
  - SwiftRex (from `https://github.com/SwiftRex/SwiftRex.git`)

EXTERNAL SOURCES:
  RxCocoa:
    :git: https://github.com/ReactiveX/RxSwift.git
  RxSwift:
    :git: https://github.com/ReactiveX/RxSwift.git
  SwiftRex:
    :git: https://github.com/SwiftRex/SwiftRex.git

CHECKOUT OPTIONS:
  RxCocoa:
    :commit: 0df62b4d562f8620d4b795b18e4adf0b631527a1
    :git: https://github.com/ReactiveX/RxSwift.git
  RxSwift:
    :commit: 0df62b4d562f8620d4b795b18e4adf0b631527a1
    :git: https://github.com/ReactiveX/RxSwift.git
  SwiftRex:
    :commit: cae6469087c262040ed51934fdeaac1133f1516e
    :git: https://github.com/SwiftRex/SwiftRex.git

SPEC CHECKSUMS:
  RxCocoa: 78763c7b07d02455598d9fc3c1ad091a28b73635
  RxSwift: fe0fd770a43acdb7d0a53da411c9b892e69bb6e4
  SwiftRex: 2ccc28580990ba76d3e9396dd3c9a39332634abf

PODFILE CHECKSUM: cb9897edd2f4bd7e1db7c6ef95b38af05369ebe6

COCOAPODS: 1.6.0.beta.2
