// !$*UTF8*$!
{
	archiveVersion = 1;
	classes = {
	};
	objectVersion = 50;
	objects = {

/* Begin PBXBuildFile section */
		046EC706CF96E2C692BBFA0D /* Pods_ArcanosRadio_iOS.framework in Frameworks */ = {isa = PBXBuildFile; fileRef = AF3AFCAA5917A03E0350131B /* Pods_ArcanosRadio_iOS.framework */; };
		0CA88393E9D229938A92AC23 /* Pods_ArcanosRadio_tvOS.framework in Frameworks */ = {isa = PBXBuildFile; fileRef = 5BA629040A2998DA57AC7C22 /* Pods_ArcanosRadio_tvOS.framework */; };
		9D105224306376F7106C478B /* Pods_ArcanosRadio_watchOS_Extension.framework in Frameworks */ = {isa = PBXBuildFile; fileRef = B38959C0B28E87E87D114625 /* Pods_ArcanosRadio_watchOS_Extension.framework */; };
		D508B1C421979386005A3CB5 /* CoreTelephony.framework in Frameworks */ = {isa = PBXBuildFile; fileRef = D508B1C321979385005A3CB5 /* CoreTelephony.framework */; };
		D50A45D1216D2EBB0025BC1C /* Core.framework in Frameworks */ = {isa = PBXBuildFile; fileRef = D50A45D0216D2EBB0025BC1C /* Core.framework */; };
		D521A998216D27BA00261BE3 /* AppDelegate.swift in Sources */ = {isa = PBXBuildFile; fileRef = D521A997216D27BA00261BE3 /* AppDelegate.swift */; };
		D521A99A216D27BA00261BE3 /* CurrentSongViewController.swift in Sources */ = {isa = PBXBuildFile; fileRef = D521A999216D27BA00261BE3 /* CurrentSongViewController.swift */; };
		D521A99F216D27BC00261BE3 /* Assets.xcassets in Resources */ = {isa = PBXBuildFile; fileRef = D521A99E216D27BC00261BE3 /* Assets.xcassets */; };
		D521A9A2216D27BC00261BE3 /* LaunchScreen.storyboard in Resources */ = {isa = PBXBuildFile; fileRef = D521A9A0216D27BC00261BE3 /* LaunchScreen.storyboard */; };
		D521A9AF216D284300261BE3 /* Assets.xcassets in Resources */ = {isa = PBXBuildFile; fileRef = D521A9AE216D284300261BE3 /* Assets.xcassets */; };
		D521A9B6216D284300261BE3 /* ArcanosRadio Extension.appex in Embed App Extensions */ = {isa = PBXBuildFile; fileRef = D521A9B5216D284300261BE3 /* ArcanosRadio Extension.appex */; settings = {ATTRIBUTES = (RemoveHeadersOnCopy, ); }; };
		D521A9BD216D284300261BE3 /* ExtensionDelegate.swift in Sources */ = {isa = PBXBuildFile; fileRef = D521A9BC216D284300261BE3 /* ExtensionDelegate.swift */; };
		D521A9C1216D284400261BE3 /* Assets.xcassets in Resources */ = {isa = PBXBuildFile; fileRef = D521A9C0216D284400261BE3 /* Assets.xcassets */; };
		D521A9C6216D284400261BE3 /* ArcanosRadio.app in Embed Watch Content */ = {isa = PBXBuildFile; fileRef = D521A9A9216D284200261BE3 /* ArcanosRadio.app */; };
		D521A9D6216D287500261BE3 /* AppDelegate.swift in Sources */ = {isa = PBXBuildFile; fileRef = D521A9D5216D287500261BE3 /* AppDelegate.swift */; };
		D521A9DD216D287700261BE3 /* Assets.xcassets in Resources */ = {isa = PBXBuildFile; fileRef = D521A9DC216D287700261BE3 /* Assets.xcassets */; };
		D52FE7352183FAA3000DA781 /* CurrentSong.storyboard in Resources */ = {isa = PBXBuildFile; fileRef = D52FE7342183FAA3000DA781 /* CurrentSong.storyboard */; };
		D52FE7372183FACD000DA781 /* CurrentSong.swift in Sources */ = {isa = PBXBuildFile; fileRef = D52FE7362183FACD000DA781 /* CurrentSong.swift */; };
		D5334EB121BDA1BF005D2038 /* ShareSheetViewController.swift in Sources */ = {isa = PBXBuildFile; fileRef = D5334EB021BDA1BF005D2038 /* ShareSheetViewController.swift */; };
		D536812221DD5BD3007771DF /* Localizable.strings in Resources */ = {isa = PBXBuildFile; fileRef = D536812421DD5BD3007771DF /* Localizable.strings */; };
		D536812921DD6012007771DF /* Assets.swift in Sources */ = {isa = PBXBuildFile; fileRef = D536812721DD6012007771DF /* Assets.swift */; };
		D536812A21DD6012007771DF /* LocalizableStrings.swift in Sources */ = {isa = PBXBuildFile; fileRef = D536812821DD6012007771DF /* LocalizableStrings.swift */; };
		D536813321DD922F007771DF /* AirplayViewController.swift in Sources */ = {isa = PBXBuildFile; fileRef = D536813221DD922F007771DF /* AirplayViewController.swift */; };
		D53725762173860300C7400B /* Core.framework in Frameworks */ = {isa = PBXBuildFile; fileRef = D53725752173860300C7400B /* Core.framework */; };
		D53725772173860300C7400B /* Core.framework in Embed Frameworks */ = {isa = PBXBuildFile; fileRef = D53725752173860300C7400B /* Core.framework */; settings = {ATTRIBUTES = (CodeSignOnCopy, RemoveHeadersOnCopy, ); }; };
		D537257A21738EA500C7400B /* Redux.swift in Sources */ = {isa = PBXBuildFile; fileRef = D537257921738EA500C7400B /* Redux.swift */; };
		D537258D21739D2400C7400B /* CurrentSongViewController.xib in Resources */ = {isa = PBXBuildFile; fileRef = D537258C21739D2400C7400B /* CurrentSongViewController.xib */; };
		D537258F2173A0F700C7400B /* RouterMiddleware.swift in Sources */ = {isa = PBXBuildFile; fileRef = D537258E2173A0F700C7400B /* RouterMiddleware.swift */; };
		D551DD932173DF350086636D /* AVFoundation.framework in Frameworks */ = {isa = PBXBuildFile; fileRef = D551DD922173DF340086636D /* AVFoundation.framework */; };
		D551DD952173DF410086636D /* AVFoundation.framework in Frameworks */ = {isa = PBXBuildFile; fileRef = D551DD942173DF410086636D /* AVFoundation.framework */; };
		D551DD972173DF470086636D /* AVFoundation.framework in Frameworks */ = {isa = PBXBuildFile; fileRef = D551DD962173DF470086636D /* AVFoundation.framework */; };
		D5B267642198777C000991CD /* MediaPlayer.framework in Frameworks */ = {isa = PBXBuildFile; fileRef = D5B267632198777B000991CD /* MediaPlayer.framework */; };
		D5B42FBB2198A2090025EE95 /* MediaPlayer.framework in Frameworks */ = {isa = PBXBuildFile; fileRef = D5B42FBA2198A2090025EE95 /* MediaPlayer.framework */; };
		D5B42FBF2198A2330025EE95 /* SystemConfiguration.framework in Frameworks */ = {isa = PBXBuildFile; fileRef = D5B42FBE2198A2330025EE95 /* SystemConfiguration.framework */; };
		D5B42FC02198A2920025EE95 /* Core.framework in Frameworks */ = {isa = PBXBuildFile; fileRef = D50A45CE216D2EB30025BC1C /* Core.framework */; };
		D5B42FC12198A2920025EE95 /* Core.framework in Embed Frameworks */ = {isa = PBXBuildFile; fileRef = D50A45CE216D2EB30025BC1C /* Core.framework */; settings = {ATTRIBUTES = (CodeSignOnCopy, RemoveHeadersOnCopy, ); }; };
		D5DEB1CB2184AC3B0050BA0B /* CurrentSongViewController.xib in Resources */ = {isa = PBXBuildFile; fileRef = D5DEB1CA2184AC3B0050BA0B /* CurrentSongViewController.xib */; };
		D5DEB1CD2184ACAD0050BA0B /* CurrentSongViewController.swift in Sources */ = {isa = PBXBuildFile; fileRef = D5DEB1CC2184ACAD0050BA0B /* CurrentSongViewController.swift */; };
		D5DEB1CF2184B3C00050BA0B /* Redux.swift in Sources */ = {isa = PBXBuildFile; fileRef = D5DEB1CE2184B3C00050BA0B /* Redux.swift */; };
		D5DEB1D12184B3D90050BA0B /* RouterMiddleware.swift in Sources */ = {isa = PBXBuildFile; fileRef = D5DEB1D02184B3D90050BA0B /* RouterMiddleware.swift */; };
/* End PBXBuildFile section */

/* Begin PBXContainerItemProxy section */
		D521A9B7216D284300261BE3 /* PBXContainerItemProxy */ = {
			isa = PBXContainerItemProxy;
			containerPortal = D5CDD32F216D276E00BD36C4 /* Project object */;
			proxyType = 1;
			remoteGlobalIDString = D521A9B4216D284300261BE3;
			remoteInfo = "ArcanosRadio watchOS Extension";
		};
		D521A9C4216D284400261BE3 /* PBXContainerItemProxy */ = {
			isa = PBXContainerItemProxy;
			containerPortal = D5CDD32F216D276E00BD36C4 /* Project object */;
			proxyType = 1;
			remoteGlobalIDString = D521A9A8216D284200261BE3;
			remoteInfo = "ArcanosRadio watchOS";
		};
/* End PBXContainerItemProxy section */

/* Begin PBXCopyFilesBuildPhase section */
		D521A9CA216D284400261BE3 /* Embed App Extensions */ = {
			isa = PBXCopyFilesBuildPhase;
			buildActionMask = 2147483647;
			dstPath = "";
			dstSubfolderSpec = 13;
			files = (
				D521A9B6216D284300261BE3 /* ArcanosRadio Extension.appex in Embed App Extensions */,
			);
			name = "Embed App Extensions";
			runOnlyForDeploymentPostprocessing = 0;
		};
		D521A9CE216D284400261BE3 /* Embed Watch Content */ = {
			isa = PBXCopyFilesBuildPhase;
			buildActionMask = 2147483647;
			dstPath = "$(CONTENTS_FOLDER_PATH)/Watch";
			dstSubfolderSpec = 16;
			files = (
				D521A9C6216D284400261BE3 /* ArcanosRadio.app in Embed Watch Content */,
			);
			name = "Embed Watch Content";
			runOnlyForDeploymentPostprocessing = 0;
		};
		D53725782173860400C7400B /* Embed Frameworks */ = {
			isa = PBXCopyFilesBuildPhase;
			buildActionMask = 2147483647;
			dstPath = "";
			dstSubfolderSpec = 10;
			files = (
				D53725772173860300C7400B /* Core.framework in Embed Frameworks */,
			);
			name = "Embed Frameworks";
			runOnlyForDeploymentPostprocessing = 0;
		};
		D5B42FC22198A2920025EE95 /* Embed Frameworks */ = {
			isa = PBXCopyFilesBuildPhase;
			buildActionMask = 2147483647;
			dstPath = "";
			dstSubfolderSpec = 10;
			files = (
				D5B42FC12198A2920025EE95 /* Core.framework in Embed Frameworks */,
			);
			name = "Embed Frameworks";
			runOnlyForDeploymentPostprocessing = 0;
		};
/* End PBXCopyFilesBuildPhase section */

/* Begin PBXFileReference section */
		00FDAD7F218C5BD9620DC451 /* Pods-ArcanosRadio iOS.release.xcconfig */ = {isa = PBXFileReference; includeInIndex = 1; lastKnownFileType = text.xcconfig; name = "Pods-ArcanosRadio iOS.release.xcconfig"; path = "Target Support Files/Pods-ArcanosRadio iOS/Pods-ArcanosRadio iOS.release.xcconfig"; sourceTree = "<group>"; };
		056010C02C10B48B112A2E66 /* Pods-ArcanosRadio watchOS Extension.release.xcconfig */ = {isa = PBXFileReference; includeInIndex = 1; lastKnownFileType = text.xcconfig; name = "Pods-ArcanosRadio watchOS Extension.release.xcconfig"; path = "Target Support Files/Pods-ArcanosRadio watchOS Extension/Pods-ArcanosRadio watchOS Extension.release.xcconfig"; sourceTree = "<group>"; };
		0C3CF23F98A1B44C02A344E0 /* Pods-ArcanosRadio tvOS.release.xcconfig */ = {isa = PBXFileReference; includeInIndex = 1; lastKnownFileType = text.xcconfig; name = "Pods-ArcanosRadio tvOS.release.xcconfig"; path = "../Pods/Target Support Files/Pods-ArcanosRadio tvOS/Pods-ArcanosRadio tvOS.release.xcconfig"; sourceTree = "<group>"; };
		3A031F33B7D37C22923C583D /* Pods-ArcanosRadio watchOS Extension.release.xcconfig */ = {isa = PBXFileReference; includeInIndex = 1; lastKnownFileType = text.xcconfig; name = "Pods-ArcanosRadio watchOS Extension.release.xcconfig"; path = "../Pods/Target Support Files/Pods-ArcanosRadio watchOS Extension/Pods-ArcanosRadio watchOS Extension.release.xcconfig"; sourceTree = "<group>"; };
		5BA629040A2998DA57AC7C22 /* Pods_ArcanosRadio_tvOS.framework */ = {isa = PBXFileReference; explicitFileType = wrapper.framework; includeInIndex = 0; path = Pods_ArcanosRadio_tvOS.framework; sourceTree = BUILT_PRODUCTS_DIR; };
		6315C34189EF2BE7F2D2F265 /* Pods-ArcanosRadio tvOS.release.xcconfig */ = {isa = PBXFileReference; includeInIndex = 1; lastKnownFileType = text.xcconfig; name = "Pods-ArcanosRadio tvOS.release.xcconfig"; path = "Target Support Files/Pods-ArcanosRadio tvOS/Pods-ArcanosRadio tvOS.release.xcconfig"; sourceTree = "<group>"; };
		671983C450B31EBCA97924BE /* Pods-ArcanosRadio iOS.release.xcconfig */ = {isa = PBXFileReference; includeInIndex = 1; lastKnownFileType = text.xcconfig; name = "Pods-ArcanosRadio iOS.release.xcconfig"; path = "../Pods/Target Support Files/Pods-ArcanosRadio iOS/Pods-ArcanosRadio iOS.release.xcconfig"; sourceTree = "<group>"; };
		A66C5048A75A55A2F4ED8486 /* Pods-ArcanosRadio tvOS.debug.xcconfig */ = {isa = PBXFileReference; includeInIndex = 1; lastKnownFileType = text.xcconfig; name = "Pods-ArcanosRadio tvOS.debug.xcconfig"; path = "../Pods/Target Support Files/Pods-ArcanosRadio tvOS/Pods-ArcanosRadio tvOS.debug.xcconfig"; sourceTree = "<group>"; };
		ACF388E29928EF6FA26C28DE /* Pods-ArcanosRadio iOS.debug.xcconfig */ = {isa = PBXFileReference; includeInIndex = 1; lastKnownFileType = text.xcconfig; name = "Pods-ArcanosRadio iOS.debug.xcconfig"; path = "Target Support Files/Pods-ArcanosRadio iOS/Pods-ArcanosRadio iOS.debug.xcconfig"; sourceTree = "<group>"; };
		AF3AFCAA5917A03E0350131B /* Pods_ArcanosRadio_iOS.framework */ = {isa = PBXFileReference; explicitFileType = wrapper.framework; includeInIndex = 0; path = Pods_ArcanosRadio_iOS.framework; sourceTree = BUILT_PRODUCTS_DIR; };
		B38959C0B28E87E87D114625 /* Pods_ArcanosRadio_watchOS_Extension.framework */ = {isa = PBXFileReference; explicitFileType = wrapper.framework; includeInIndex = 0; path = Pods_ArcanosRadio_watchOS_Extension.framework; sourceTree = BUILT_PRODUCTS_DIR; };
		B93A2B1FE9B52DD5CCB2D3FD /* Pods-ArcanosRadio watchOS Extension.debug.xcconfig */ = {isa = PBXFileReference; includeInIndex = 1; lastKnownFileType = text.xcconfig; name = "Pods-ArcanosRadio watchOS Extension.debug.xcconfig"; path = "../Pods/Target Support Files/Pods-ArcanosRadio watchOS Extension/Pods-ArcanosRadio watchOS Extension.debug.xcconfig"; sourceTree = "<group>"; };
		BF5B6190CF839339D2478823 /* Pods_ArcanosRadio_watchOS.framework */ = {isa = PBXFileReference; explicitFileType = wrapper.framework; includeInIndex = 0; path = Pods_ArcanosRadio_watchOS.framework; sourceTree = BUILT_PRODUCTS_DIR; };
		BFBA09D4D8AFFE8C27FD3047 /* Pods-ArcanosRadio tvOS.debug.xcconfig */ = {isa = PBXFileReference; includeInIndex = 1; lastKnownFileType = text.xcconfig; name = "Pods-ArcanosRadio tvOS.debug.xcconfig"; path = "Target Support Files/Pods-ArcanosRadio tvOS/Pods-ArcanosRadio tvOS.debug.xcconfig"; sourceTree = "<group>"; };
		C73C34FDBA3059B5CEFAA3F2 /* Pods-ArcanosRadio watchOS Extension.debug.xcconfig */ = {isa = PBXFileReference; includeInIndex = 1; lastKnownFileType = text.xcconfig; name = "Pods-ArcanosRadio watchOS Extension.debug.xcconfig"; path = "Target Support Files/Pods-ArcanosRadio watchOS Extension/Pods-ArcanosRadio watchOS Extension.debug.xcconfig"; sourceTree = "<group>"; };
		D508B1C321979385005A3CB5 /* CoreTelephony.framework */ = {isa = PBXFileReference; lastKnownFileType = wrapper.framework; name = CoreTelephony.framework; path = Platforms/iPhoneOS.platform/Developer/SDKs/iPhoneOS12.1.sdk/System/Library/Frameworks/CoreTelephony.framework; sourceTree = DEVELOPER_DIR; };
		D508B1C5219793DC005A3CB5 /* ArcanosRadio.entitlements */ = {isa = PBXFileReference; lastKnownFileType = text.plist.entitlements; path = ArcanosRadio.entitlements; sourceTree = "<group>"; };
		D50A45CE216D2EB30025BC1C /* Core.framework */ = {isa = PBXFileReference; explicitFileType = wrapper.framework; path = Core.framework; sourceTree = BUILT_PRODUCTS_DIR; };
		D50A45D0216D2EBB0025BC1C /* Core.framework */ = {isa = PBXFileReference; explicitFileType = wrapper.framework; path = Core.framework; sourceTree = BUILT_PRODUCTS_DIR; };
		D50A45D2216D2EC20025BC1C /* Core.framework */ = {isa = PBXFileReference; explicitFileType = wrapper.framework; path = Core.framework; sourceTree = BUILT_PRODUCTS_DIR; };
		D521A994216D27BA00261BE3 /* Arcanos Radio.app */ = {isa = PBXFileReference; explicitFileType = wrapper.application; includeInIndex = 0; path = "Arcanos Radio.app"; sourceTree = BUILT_PRODUCTS_DIR; };
		D521A997216D27BA00261BE3 /* AppDelegate.swift */ = {isa = PBXFileReference; lastKnownFileType = sourcecode.swift; path = AppDelegate.swift; sourceTree = "<group>"; };
		D521A999216D27BA00261BE3 /* CurrentSongViewController.swift */ = {isa = PBXFileReference; lastKnownFileType = sourcecode.swift; path = CurrentSongViewController.swift; sourceTree = "<group>"; };
		D521A99E216D27BC00261BE3 /* Assets.xcassets */ = {isa = PBXFileReference; lastKnownFileType = folder.assetcatalog; path = Assets.xcassets; sourceTree = "<group>"; };
		D521A9A1216D27BC00261BE3 /* Base */ = {isa = PBXFileReference; lastKnownFileType = file.storyboard; name = Base; path = Base.lproj/LaunchScreen.storyboard; sourceTree = "<group>"; };
		D521A9A3216D27BC00261BE3 /* Info.plist */ = {isa = PBXFileReference; lastKnownFileType = text.plist.xml; path = Info.plist; sourceTree = "<group>"; };
		D521A9A9216D284200261BE3 /* ArcanosRadio.app */ = {isa = PBXFileReference; explicitFileType = wrapper.application; includeInIndex = 0; path = ArcanosRadio.app; sourceTree = BUILT_PRODUCTS_DIR; };
		D521A9AE216D284300261BE3 /* Assets.xcassets */ = {isa = PBXFileReference; lastKnownFileType = folder.assetcatalog; path = Assets.xcassets; sourceTree = "<group>"; };
		D521A9B0216D284300261BE3 /* Info.plist */ = {isa = PBXFileReference; lastKnownFileType = text.plist.xml; path = Info.plist; sourceTree = "<group>"; };
		D521A9B5216D284300261BE3 /* ArcanosRadio Extension.appex */ = {isa = PBXFileReference; explicitFileType = "wrapper.app-extension"; includeInIndex = 0; path = "ArcanosRadio Extension.appex"; sourceTree = BUILT_PRODUCTS_DIR; };
		D521A9BC216D284300261BE3 /* ExtensionDelegate.swift */ = {isa = PBXFileReference; lastKnownFileType = sourcecode.swift; path = ExtensionDelegate.swift; sourceTree = "<group>"; };
		D521A9C0216D284400261BE3 /* Assets.xcassets */ = {isa = PBXFileReference; lastKnownFileType = folder.assetcatalog; path = Assets.xcassets; sourceTree = "<group>"; };
		D521A9C2216D284400261BE3 /* Info.plist */ = {isa = PBXFileReference; lastKnownFileType = text.plist.xml; path = Info.plist; sourceTree = "<group>"; };
		D521A9C3216D284400261BE3 /* PushNotificationPayload.apns */ = {isa = PBXFileReference; lastKnownFileType = text; path = PushNotificationPayload.apns; sourceTree = "<group>"; };
		D521A9D3216D287500261BE3 /* Arcanos Radio.app */ = {isa = PBXFileReference; explicitFileType = wrapper.application; includeInIndex = 0; path = "Arcanos Radio.app"; sourceTree = BUILT_PRODUCTS_DIR; };
		D521A9D5216D287500261BE3 /* AppDelegate.swift */ = {isa = PBXFileReference; lastKnownFileType = sourcecode.swift; path = AppDelegate.swift; sourceTree = "<group>"; };
		D521A9DC216D287700261BE3 /* Assets.xcassets */ = {isa = PBXFileReference; lastKnownFileType = folder.assetcatalog; path = Assets.xcassets; sourceTree = "<group>"; };
		D521A9DE216D287700261BE3 /* Info.plist */ = {isa = PBXFileReference; lastKnownFileType = text.plist.xml; path = Info.plist; sourceTree = "<group>"; };
		D52FE7342183FAA3000DA781 /* CurrentSong.storyboard */ = {isa = PBXFileReference; lastKnownFileType = file.storyboard; path = CurrentSong.storyboard; sourceTree = "<group>"; };
		D52FE7362183FACD000DA781 /* CurrentSong.swift */ = {isa = PBXFileReference; lastKnownFileType = sourcecode.swift; path = CurrentSong.swift; sourceTree = "<group>"; };
		D5334EB021BDA1BF005D2038 /* ShareSheetViewController.swift */ = {isa = PBXFileReference; lastKnownFileType = sourcecode.swift; path = ShareSheetViewController.swift; sourceTree = "<group>"; };
		D536812321DD5BD3007771DF /* en */ = {isa = PBXFileReference; lastKnownFileType = text.plist.strings; name = en; path = en.lproj/Localizable.strings; sourceTree = "<group>"; };
		D536812621DD5C99007771DF /* pt-BR */ = {isa = PBXFileReference; lastKnownFileType = text.plist.strings; name = "pt-BR"; path = "pt-BR.lproj/Localizable.strings"; sourceTree = "<group>"; };
		D536812721DD6012007771DF /* Assets.swift */ = {isa = PBXFileReference; fileEncoding = 4; lastKnownFileType = sourcecode.swift; path = Assets.swift; sourceTree = "<group>"; };
		D536812821DD6012007771DF /* LocalizableStrings.swift */ = {isa = PBXFileReference; fileEncoding = 4; lastKnownFileType = sourcecode.swift; path = LocalizableStrings.swift; sourceTree = "<group>"; };
		D536813221DD922F007771DF /* AirplayViewController.swift */ = {isa = PBXFileReference; lastKnownFileType = sourcecode.swift; path = AirplayViewController.swift; sourceTree = "<group>"; };
		D53725752173860300C7400B /* Core.framework */ = {isa = PBXFileReference; explicitFileType = wrapper.framework; path = Core.framework; sourceTree = BUILT_PRODUCTS_DIR; };
		D537257921738EA500C7400B /* Redux.swift */ = {isa = PBXFileReference; lastKnownFileType = sourcecode.swift; path = Redux.swift; sourceTree = "<group>"; };
		D537258C21739D2400C7400B /* CurrentSongViewController.xib */ = {isa = PBXFileReference; lastKnownFileType = file.xib; path = CurrentSongViewController.xib; sourceTree = "<group>"; };
		D537258E2173A0F700C7400B /* RouterMiddleware.swift */ = {isa = PBXFileReference; lastKnownFileType = sourcecode.swift; path = RouterMiddleware.swift; sourceTree = "<group>"; };
		D551DD922173DF340086636D /* AVFoundation.framework */ = {isa = PBXFileReference; lastKnownFileType = wrapper.framework; name = AVFoundation.framework; path = Platforms/iPhoneOS.platform/Developer/SDKs/iPhoneOS12.0.sdk/System/Library/Frameworks/AVFoundation.framework; sourceTree = DEVELOPER_DIR; };
		D551DD942173DF410086636D /* AVFoundation.framework */ = {isa = PBXFileReference; lastKnownFileType = wrapper.framework; name = AVFoundation.framework; path = Platforms/WatchOS.platform/Developer/SDKs/WatchOS5.0.sdk/System/Library/Frameworks/AVFoundation.framework; sourceTree = DEVELOPER_DIR; };
		D551DD962173DF470086636D /* AVFoundation.framework */ = {isa = PBXFileReference; lastKnownFileType = wrapper.framework; name = AVFoundation.framework; path = Platforms/AppleTVOS.platform/Developer/SDKs/AppleTVOS12.0.sdk/System/Library/Frameworks/AVFoundation.framework; sourceTree = DEVELOPER_DIR; };
		D5B267632198777B000991CD /* MediaPlayer.framework */ = {isa = PBXFileReference; lastKnownFileType = wrapper.framework; name = MediaPlayer.framework; path = Platforms/iPhoneOS.platform/Developer/SDKs/iPhoneOS12.1.sdk/System/Library/Frameworks/MediaPlayer.framework; sourceTree = DEVELOPER_DIR; };
		D5B42FBA2198A2090025EE95 /* MediaPlayer.framework */ = {isa = PBXFileReference; lastKnownFileType = wrapper.framework; name = MediaPlayer.framework; path = Platforms/AppleTVOS.platform/Developer/SDKs/AppleTVOS12.1.sdk/System/Library/Frameworks/MediaPlayer.framework; sourceTree = DEVELOPER_DIR; };
		D5B42FBE2198A2330025EE95 /* SystemConfiguration.framework */ = {isa = PBXFileReference; lastKnownFileType = wrapper.framework; name = SystemConfiguration.framework; path = Platforms/AppleTVOS.platform/Developer/SDKs/AppleTVOS12.1.sdk/System/Library/Frameworks/SystemConfiguration.framework; sourceTree = DEVELOPER_DIR; };
		D5DEB1CA2184AC3B0050BA0B /* CurrentSongViewController.xib */ = {isa = PBXFileReference; lastKnownFileType = file.xib; path = CurrentSongViewController.xib; sourceTree = "<group>"; };
		D5DEB1CC2184ACAD0050BA0B /* CurrentSongViewController.swift */ = {isa = PBXFileReference; lastKnownFileType = sourcecode.swift; path = CurrentSongViewController.swift; sourceTree = "<group>"; };
		D5DEB1CE2184B3C00050BA0B /* Redux.swift */ = {isa = PBXFileReference; lastKnownFileType = sourcecode.swift; path = Redux.swift; sourceTree = "<group>"; };
		D5DEB1D02184B3D90050BA0B /* RouterMiddleware.swift */ = {isa = PBXFileReference; lastKnownFileType = sourcecode.swift; path = RouterMiddleware.swift; sourceTree = "<group>"; };
		E8812A922C289229E6BF4A03 /* Pods-ArcanosRadio iOS.debug.xcconfig */ = {isa = PBXFileReference; includeInIndex = 1; lastKnownFileType = text.xcconfig; name = "Pods-ArcanosRadio iOS.debug.xcconfig"; path = "../Pods/Target Support Files/Pods-ArcanosRadio iOS/Pods-ArcanosRadio iOS.debug.xcconfig"; sourceTree = "<group>"; };
/* End PBXFileReference section */

/* Begin PBXFrameworksBuildPhase section */
		559DC59CF65572A97D7729E6 /* Frameworks */ = {
			isa = PBXFrameworksBuildPhase;
			buildActionMask = 2147483647;
			files = (
			);
			runOnlyForDeploymentPostprocessing = 0;
		};
		D521A991216D27BA00261BE3 /* Frameworks */ = {
			isa = PBXFrameworksBuildPhase;
			buildActionMask = 2147483647;
			files = (
				D5B267642198777C000991CD /* MediaPlayer.framework in Frameworks */,
				D508B1C421979386005A3CB5 /* CoreTelephony.framework in Frameworks */,
				D551DD932173DF350086636D /* AVFoundation.framework in Frameworks */,
				046EC706CF96E2C692BBFA0D /* Pods_ArcanosRadio_iOS.framework in Frameworks */,
				D53725762173860300C7400B /* Core.framework in Frameworks */,
			);
			runOnlyForDeploymentPostprocessing = 0;
		};
		D521A9B2216D284300261BE3 /* Frameworks */ = {
			isa = PBXFrameworksBuildPhase;
			buildActionMask = 2147483647;
			files = (
				D551DD952173DF410086636D /* AVFoundation.framework in Frameworks */,
				D50A45D1216D2EBB0025BC1C /* Core.framework in Frameworks */,
				9D105224306376F7106C478B /* Pods_ArcanosRadio_watchOS_Extension.framework in Frameworks */,
			);
			runOnlyForDeploymentPostprocessing = 0;
		};
		D521A9D0216D287500261BE3 /* Frameworks */ = {
			isa = PBXFrameworksBuildPhase;
			buildActionMask = 2147483647;
			files = (
				D5B42FBF2198A2330025EE95 /* SystemConfiguration.framework in Frameworks */,
				D5B42FC02198A2920025EE95 /* Core.framework in Frameworks */,
				D5B42FBB2198A2090025EE95 /* MediaPlayer.framework in Frameworks */,
				D551DD972173DF470086636D /* AVFoundation.framework in Frameworks */,
				0CA88393E9D229938A92AC23 /* Pods_ArcanosRadio_tvOS.framework in Frameworks */,
			);
			runOnlyForDeploymentPostprocessing = 0;
		};
/* End PBXFrameworksBuildPhase section */

/* Begin PBXGroup section */
		0F2FD4377F733002149D7520 /* Pods */ = {
			isa = PBXGroup;
			children = (
				ACF388E29928EF6FA26C28DE /* Pods-ArcanosRadio iOS.debug.xcconfig */,
				00FDAD7F218C5BD9620DC451 /* Pods-ArcanosRadio iOS.release.xcconfig */,
				BFBA09D4D8AFFE8C27FD3047 /* Pods-ArcanosRadio tvOS.debug.xcconfig */,
				6315C34189EF2BE7F2D2F265 /* Pods-ArcanosRadio tvOS.release.xcconfig */,
				C73C34FDBA3059B5CEFAA3F2 /* Pods-ArcanosRadio watchOS Extension.debug.xcconfig */,
				056010C02C10B48B112A2E66 /* Pods-ArcanosRadio watchOS Extension.release.xcconfig */,
				E8812A922C289229E6BF4A03 /* Pods-ArcanosRadio iOS.debug.xcconfig */,
				671983C450B31EBCA97924BE /* Pods-ArcanosRadio iOS.release.xcconfig */,
				A66C5048A75A55A2F4ED8486 /* Pods-ArcanosRadio tvOS.debug.xcconfig */,
				0C3CF23F98A1B44C02A344E0 /* Pods-ArcanosRadio tvOS.release.xcconfig */,
				B93A2B1FE9B52DD5CCB2D3FD /* Pods-ArcanosRadio watchOS Extension.debug.xcconfig */,
				3A031F33B7D37C22923C583D /* Pods-ArcanosRadio watchOS Extension.release.xcconfig */,
			);
			name = Pods;
			path = ../Pods;
			sourceTree = "<group>";
		};
		9717CB35DDE7C3F3C1DE4F51 /* Frameworks */ = {
			isa = PBXGroup;
			children = (
				D5B42FBE2198A2330025EE95 /* SystemConfiguration.framework */,
				D5B267632198777B000991CD /* MediaPlayer.framework */,
				D5B42FBA2198A2090025EE95 /* MediaPlayer.framework */,
				D508B1C321979385005A3CB5 /* CoreTelephony.framework */,
				D551DD922173DF340086636D /* AVFoundation.framework */,
				D551DD942173DF410086636D /* AVFoundation.framework */,
				D551DD962173DF470086636D /* AVFoundation.framework */,
				D50A45D2216D2EC20025BC1C /* Core.framework */,
				D50A45D0216D2EBB0025BC1C /* Core.framework */,
				D50A45CE216D2EB30025BC1C /* Core.framework */,
				D53725752173860300C7400B /* Core.framework */,
				AF3AFCAA5917A03E0350131B /* Pods_ArcanosRadio_iOS.framework */,
				5BA629040A2998DA57AC7C22 /* Pods_ArcanosRadio_tvOS.framework */,
				BF5B6190CF839339D2478823 /* Pods_ArcanosRadio_watchOS.framework */,
				B38959C0B28E87E87D114625 /* Pods_ArcanosRadio_watchOS_Extension.framework */,
			);
			name = Frameworks;
			sourceTree = "<group>";
		};
		D521A995216D27BA00261BE3 /* Products */ = {
			isa = PBXGroup;
			children = (
				D521A994216D27BA00261BE3 /* Arcanos Radio.app */,
				D521A9A9216D284200261BE3 /* ArcanosRadio.app */,
				D521A9B5216D284300261BE3 /* ArcanosRadio Extension.appex */,
				D521A9D3216D287500261BE3 /* Arcanos Radio.app */,
			);
			name = Products;
			sourceTree = "<group>";
		};
		D521A996216D27BA00261BE3 /* ArcanosRadio iOS */ = {
			isa = PBXGroup;
			children = (
				D508B1C5219793DC005A3CB5 /* ArcanosRadio.entitlements */,
				D536813121DD9212007771DF /* Airplay */,
				D537258A21739CA500C7400B /* Bootstrap */,
				D537258B21739D0200C7400B /* CurrentSong */,
				D5334EAF21BDA17F005D2038 /* ShareSheet */,
			);
			path = "ArcanosRadio iOS";
			sourceTree = "<group>";
		};
		D521A9AA216D284200261BE3 /* ArcanosRadio watchOS */ = {
			isa = PBXGroup;
			children = (
				D521A9AE216D284300261BE3 /* Assets.xcassets */,
				D521A9B0216D284300261BE3 /* Info.plist */,
				D52FE7342183FAA3000DA781 /* CurrentSong.storyboard */,
			);
			path = "ArcanosRadio watchOS";
			sourceTree = "<group>";
		};
		D521A9B9216D284300261BE3 /* ArcanosRadio watchOS Extension */ = {
			isa = PBXGroup;
			children = (
				D52FE7362183FACD000DA781 /* CurrentSong.swift */,
				D521A9BC216D284300261BE3 /* ExtensionDelegate.swift */,
				D521A9C0216D284400261BE3 /* Assets.xcassets */,
				D521A9C2216D284400261BE3 /* Info.plist */,
				D521A9C3216D284400261BE3 /* PushNotificationPayload.apns */,
			);
			path = "ArcanosRadio watchOS Extension";
			sourceTree = "<group>";
		};
		D521A9D4216D287500261BE3 /* ArcanosRadio tvOS */ = {
			isa = PBXGroup;
			children = (
				D5DEB1C82184ABE50050BA0B /* Bootstrap */,
				D5DEB1C92184AC240050BA0B /* CurrentSong */,
			);
			path = "ArcanosRadio tvOS";
			sourceTree = "<group>";
		};
		D5334EAF21BDA17F005D2038 /* ShareSheet */ = {
			isa = PBXGroup;
			children = (
				D5334EB021BDA1BF005D2038 /* ShareSheetViewController.swift */,
			);
			path = ShareSheet;
			sourceTree = "<group>";
		};
		D536813121DD9212007771DF /* Airplay */ = {
			isa = PBXGroup;
			children = (
				D536813221DD922F007771DF /* AirplayViewController.swift */,
			);
			path = Airplay;
			sourceTree = "<group>";
		};
		D537258A21739CA500C7400B /* Bootstrap */ = {
			isa = PBXGroup;
			children = (
				D521A997216D27BA00261BE3 /* AppDelegate.swift */,
				D536812721DD6012007771DF /* Assets.swift */,
				D521A99E216D27BC00261BE3 /* Assets.xcassets */,
				D521A9A3216D27BC00261BE3 /* Info.plist */,
				D521A9A0216D27BC00261BE3 /* LaunchScreen.storyboard */,
				D536812421DD5BD3007771DF /* Localizable.strings */,
				D536812821DD6012007771DF /* LocalizableStrings.swift */,
				D537257921738EA500C7400B /* Redux.swift */,
				D537258E2173A0F700C7400B /* RouterMiddleware.swift */,
			);
			path = Bootstrap;
			sourceTree = "<group>";
		};
		D537258B21739D0200C7400B /* CurrentSong */ = {
			isa = PBXGroup;
			children = (
				D521A999216D27BA00261BE3 /* CurrentSongViewController.swift */,
				D537258C21739D2400C7400B /* CurrentSongViewController.xib */,
			);
			path = CurrentSong;
			sourceTree = "<group>";
		};
		D5CDD32E216D276E00BD36C4 = {
			isa = PBXGroup;
			children = (
				D521A996216D27BA00261BE3 /* ArcanosRadio iOS */,
				D521A9AA216D284200261BE3 /* ArcanosRadio watchOS */,
				D521A9B9216D284300261BE3 /* ArcanosRadio watchOS Extension */,
				D521A9D4216D287500261BE3 /* ArcanosRadio tvOS */,
				D521A995216D27BA00261BE3 /* Products */,
				0F2FD4377F733002149D7520 /* Pods */,
				9717CB35DDE7C3F3C1DE4F51 /* Frameworks */,
			);
			sourceTree = "<group>";
		};
		D5DEB1C82184ABE50050BA0B /* Bootstrap */ = {
			isa = PBXGroup;
			children = (
				D521A9D5216D287500261BE3 /* AppDelegate.swift */,
				D521A9DC216D287700261BE3 /* Assets.xcassets */,
				D521A9DE216D287700261BE3 /* Info.plist */,
				D5DEB1CE2184B3C00050BA0B /* Redux.swift */,
				D5DEB1D02184B3D90050BA0B /* RouterMiddleware.swift */,
			);
			path = Bootstrap;
			sourceTree = "<group>";
		};
		D5DEB1C92184AC240050BA0B /* CurrentSong */ = {
			isa = PBXGroup;
			children = (
				D5DEB1CC2184ACAD0050BA0B /* CurrentSongViewController.swift */,
				D5DEB1CA2184AC3B0050BA0B /* CurrentSongViewController.xib */,
			);
			path = CurrentSong;
			sourceTree = "<group>";
		};
/* End PBXGroup section */

/* Begin PBXNativeTarget section */
		D521A993216D27BA00261BE3 /* ArcanosRadio iOS */ = {
			isa = PBXNativeTarget;
			buildConfigurationList = D521A9A6216D27BC00261BE3 /* Build configuration list for PBXNativeTarget "ArcanosRadio iOS" */;
			buildPhases = (
				D536812B21DD6061007771DF /* Swiftgen */,
				95AF9AE7AE98B767E892183B /* [CP] Check Pods Manifest.lock */,
				D521A990216D27BA00261BE3 /* Sources */,
				D521A991216D27BA00261BE3 /* Frameworks */,
				D521A992216D27BA00261BE3 /* Resources */,
				D521A9CE216D284400261BE3 /* Embed Watch Content */,
				08F66969A5C35FC436438AC9 /* [CP] Embed Pods Frameworks */,
				D53725782173860400C7400B /* Embed Frameworks */,
			);
			buildRules = (
			);
			dependencies = (
				D521A9C5216D284400261BE3 /* PBXTargetDependency */,
			);
			name = "ArcanosRadio iOS";
			productName = "ArcanosRadio iOS";
			productReference = D521A994216D27BA00261BE3 /* Arcanos Radio.app */;
			productType = "com.apple.product-type.application";
		};
		D521A9A8216D284200261BE3 /* ArcanosRadio watchOS */ = {
			isa = PBXNativeTarget;
			buildConfigurationList = D521A9CB216D284400261BE3 /* Build configuration list for PBXNativeTarget "ArcanosRadio watchOS" */;
			buildPhases = (
				D521A9A7216D284200261BE3 /* Resources */,
				D521A9CA216D284400261BE3 /* Embed App Extensions */,
				559DC59CF65572A97D7729E6 /* Frameworks */,
			);
			buildRules = (
			);
			dependencies = (
				D521A9B8216D284300261BE3 /* PBXTargetDependency */,
			);
			name = "ArcanosRadio watchOS";
			productName = "ArcanosRadio watchOS";
			productReference = D521A9A9216D284200261BE3 /* ArcanosRadio.app */;
			productType = "com.apple.product-type.application.watchapp2";
		};
		D521A9B4216D284300261BE3 /* ArcanosRadio watchOS Extension */ = {
			isa = PBXNativeTarget;
			buildConfigurationList = D521A9C7216D284400261BE3 /* Build configuration list for PBXNativeTarget "ArcanosRadio watchOS Extension" */;
			buildPhases = (
				47F009881BCDFFD0B699600D /* [CP] Check Pods Manifest.lock */,
				D521A9B1216D284300261BE3 /* Sources */,
				D521A9B2216D284300261BE3 /* Frameworks */,
				D521A9B3216D284300261BE3 /* Resources */,
				0DB030C355205260C58D4428 /* [CP] Embed Pods Frameworks */,
			);
			buildRules = (
			);
			dependencies = (
			);
			name = "ArcanosRadio watchOS Extension";
			productName = "ArcanosRadio watchOS Extension";
			productReference = D521A9B5216D284300261BE3 /* ArcanosRadio Extension.appex */;
			productType = "com.apple.product-type.watchkit2-extension";
		};
		D521A9D2216D287500261BE3 /* ArcanosRadio tvOS */ = {
			isa = PBXNativeTarget;
			buildConfigurationList = D521A9DF216D287700261BE3 /* Build configuration list for PBXNativeTarget "ArcanosRadio tvOS" */;
			buildPhases = (
				B2348EA7A7B72BD06DC604F5 /* [CP] Check Pods Manifest.lock */,
				D521A9CF216D287500261BE3 /* Sources */,
				D521A9D0216D287500261BE3 /* Frameworks */,
				D521A9D1216D287500261BE3 /* Resources */,
				8C900AD93B0C2D3C48410F4F /* [CP] Embed Pods Frameworks */,
				D5B42FC22198A2920025EE95 /* Embed Frameworks */,
			);
			buildRules = (
			);
			dependencies = (
			);
			name = "ArcanosRadio tvOS";
			productName = "ArcanosRadio tvOS";
			productReference = D521A9D3216D287500261BE3 /* Arcanos Radio.app */;
			productType = "com.apple.product-type.application";
		};
/* End PBXNativeTarget section */

/* Begin PBXProject section */
		D5CDD32F216D276E00BD36C4 /* Project object */ = {
			isa = PBXProject;
			attributes = {
				LastSwiftUpdateCheck = 1000;
				LastUpgradeCheck = 1010;
				TargetAttributes = {
					D521A993216D27BA00261BE3 = {
						CreatedOnToolsVersion = 10.0;
						SystemCapabilities = {
							com.apple.AccessWiFi = {
								enabled = 0;
							};
							com.apple.BackgroundModes = {
								enabled = 1;
							};
						};
					};
					D521A9A8216D284200261BE3 = {
						CreatedOnToolsVersion = 10.0;
					};
					D521A9B4216D284300261BE3 = {
						CreatedOnToolsVersion = 10.0;
						SystemCapabilities = {
							com.apple.BackgroundModes.watchos.extension = {
								enabled = 1;
							};
						};
					};
					D521A9D2216D287500261BE3 = {
						CreatedOnToolsVersion = 10.0;
						SystemCapabilities = {
							com.apple.BackgroundModes.appletvos = {
								enabled = 1;
							};
						};
					};
				};
			};
			buildConfigurationList = D5CDD332216D276E00BD36C4 /* Build configuration list for PBXProject "ArcanosRadio" */;
			compatibilityVersion = "Xcode 9.3";
			developmentRegion = en;
			hasScannedForEncodings = 0;
			knownRegions = (
				en,
				Base,
				"pt-BR",
			);
			mainGroup = D5CDD32E216D276E00BD36C4;
			productRefGroup = D521A995216D27BA00261BE3 /* Products */;
			projectDirPath = "";
			projectRoot = "";
			targets = (
				D521A993216D27BA00261BE3 /* ArcanosRadio iOS */,
				D521A9A8216D284200261BE3 /* ArcanosRadio watchOS */,
				D521A9B4216D284300261BE3 /* ArcanosRadio watchOS Extension */,
				D521A9D2216D287500261BE3 /* ArcanosRadio tvOS */,
			);
		};
/* End PBXProject section */

/* Begin PBXResourcesBuildPhase section */
		D521A992216D27BA00261BE3 /* Resources */ = {
			isa = PBXResourcesBuildPhase;
			buildActionMask = 2147483647;
			files = (
				D537258D21739D2400C7400B /* CurrentSongViewController.xib in Resources */,
				D536812221DD5BD3007771DF /* Localizable.strings in Resources */,
				D521A9A2216D27BC00261BE3 /* LaunchScreen.storyboard in Resources */,
				D521A99F216D27BC00261BE3 /* Assets.xcassets in Resources */,
			);
			runOnlyForDeploymentPostprocessing = 0;
		};
		D521A9A7216D284200261BE3 /* Resources */ = {
			isa = PBXResourcesBuildPhase;
			buildActionMask = 2147483647;
			files = (
				D521A9AF216D284300261BE3 /* Assets.xcassets in Resources */,
				D52FE7352183FAA3000DA781 /* CurrentSong.storyboard in Resources */,
			);
			runOnlyForDeploymentPostprocessing = 0;
		};
		D521A9B3216D284300261BE3 /* Resources */ = {
			isa = PBXResourcesBuildPhase;
			buildActionMask = 2147483647;
			files = (
				D521A9C1216D284400261BE3 /* Assets.xcassets in Resources */,
			);
			runOnlyForDeploymentPostprocessing = 0;
		};
		D521A9D1216D287500261BE3 /* Resources */ = {
			isa = PBXResourcesBuildPhase;
			buildActionMask = 2147483647;
			files = (
				D5DEB1CB2184AC3B0050BA0B /* CurrentSongViewController.xib in Resources */,
				D521A9DD216D287700261BE3 /* Assets.xcassets in Resources */,
			);
			runOnlyForDeploymentPostprocessing = 0;
		};
/* End PBXResourcesBuildPhase section */

/* Begin PBXShellScriptBuildPhase section */
		08F66969A5C35FC436438AC9 /* [CP] Embed Pods Frameworks */ = {
			isa = PBXShellScriptBuildPhase;
			buildActionMask = 2147483647;
			files = (
			);
			inputFileListPaths = (
			);
			inputPaths = (
				"${SRCROOT}/../Pods/Target Support Files/Pods-ArcanosRadio iOS/Pods-ArcanosRadio iOS-frameworks.sh",
				"${BUILT_PRODUCTS_DIR}/RxAtomic-iOS/RxAtomic.framework",
				"${BUILT_PRODUCTS_DIR}/RxCocoa-iOS/RxCocoa.framework",
				"${BUILT_PRODUCTS_DIR}/RxSwift-iOS/RxSwift.framework",
				"${BUILT_PRODUCTS_DIR}/SwiftRex-iOS/SwiftRex.framework",
			);
			name = "[CP] Embed Pods Frameworks";
			outputFileListPaths = (
			);
			outputPaths = (
				"${TARGET_BUILD_DIR}/${FRAMEWORKS_FOLDER_PATH}/RxAtomic.framework",
				"${TARGET_BUILD_DIR}/${FRAMEWORKS_FOLDER_PATH}/RxCocoa.framework",
				"${TARGET_BUILD_DIR}/${FRAMEWORKS_FOLDER_PATH}/RxSwift.framework",
				"${TARGET_BUILD_DIR}/${FRAMEWORKS_FOLDER_PATH}/SwiftRex.framework",
			);
			runOnlyForDeploymentPostprocessing = 0;
			shellPath = /bin/sh;
			shellScript = "\"${SRCROOT}/../Pods/Target Support Files/Pods-ArcanosRadio iOS/Pods-ArcanosRadio iOS-frameworks.sh\"\n";
			showEnvVarsInLog = 0;
		};
		0DB030C355205260C58D4428 /* [CP] Embed Pods Frameworks */ = {
			isa = PBXShellScriptBuildPhase;
			buildActionMask = 2147483647;
			files = (
			);
			inputFileListPaths = (
			);
			inputPaths = (
				"${SRCROOT}/../Pods/Target Support Files/Pods-ArcanosRadio watchOS Extension/Pods-ArcanosRadio watchOS Extension-frameworks.sh",
				"${BUILT_PRODUCTS_DIR}/RxAtomic-watchOS/RxAtomic.framework",
				"${BUILT_PRODUCTS_DIR}/RxCocoa-watchOS/RxCocoa.framework",
				"${BUILT_PRODUCTS_DIR}/RxSwift-watchOS/RxSwift.framework",
				"${BUILT_PRODUCTS_DIR}/SwiftRex-watchOS/SwiftRex.framework",
			);
			name = "[CP] Embed Pods Frameworks";
			outputFileListPaths = (
			);
			outputPaths = (
				"${TARGET_BUILD_DIR}/${FRAMEWORKS_FOLDER_PATH}/RxAtomic.framework",
				"${TARGET_BUILD_DIR}/${FRAMEWORKS_FOLDER_PATH}/RxCocoa.framework",
				"${TARGET_BUILD_DIR}/${FRAMEWORKS_FOLDER_PATH}/RxSwift.framework",
				"${TARGET_BUILD_DIR}/${FRAMEWORKS_FOLDER_PATH}/SwiftRex.framework",
			);
			runOnlyForDeploymentPostprocessing = 0;
			shellPath = /bin/sh;
			shellScript = "\"${SRCROOT}/../Pods/Target Support Files/Pods-ArcanosRadio watchOS Extension/Pods-ArcanosRadio watchOS Extension-frameworks.sh\"\n";
			showEnvVarsInLog = 0;
		};
		47F009881BCDFFD0B699600D /* [CP] Check Pods Manifest.lock */ = {
			isa = PBXShellScriptBuildPhase;
			buildActionMask = 2147483647;
			files = (
			);
			inputFileListPaths = (
			);
			inputPaths = (
				"${PODS_PODFILE_DIR_PATH}/Podfile.lock",
				"${PODS_ROOT}/Manifest.lock",
			);
			name = "[CP] Check Pods Manifest.lock";
			outputFileListPaths = (
			);
			outputPaths = (
				"$(DERIVED_FILE_DIR)/Pods-ArcanosRadio watchOS Extension-checkManifestLockResult.txt",
			);
			runOnlyForDeploymentPostprocessing = 0;
			shellPath = /bin/sh;
			shellScript = "diff \"${PODS_PODFILE_DIR_PATH}/Podfile.lock\" \"${PODS_ROOT}/Manifest.lock\" > /dev/null\nif [ $? != 0 ] ; then\n    # print error to STDERR\n    echo \"error: The sandbox is not in sync with the Podfile.lock. Run 'pod install' or update your CocoaPods installation.\" >&2\n    exit 1\nfi\n# This output is used by Xcode 'outputs' to avoid re-running this script phase.\necho \"SUCCESS\" > \"${SCRIPT_OUTPUT_FILE_0}\"\n";
			showEnvVarsInLog = 0;
		};
		8C900AD93B0C2D3C48410F4F /* [CP] Embed Pods Frameworks */ = {
			isa = PBXShellScriptBuildPhase;
			buildActionMask = 2147483647;
			files = (
			);
			inputFileListPaths = (
			);
			inputPaths = (
				"${SRCROOT}/../Pods/Target Support Files/Pods-ArcanosRadio tvOS/Pods-ArcanosRadio tvOS-frameworks.sh",
				"${BUILT_PRODUCTS_DIR}/RxAtomic-tvOS/RxAtomic.framework",
				"${BUILT_PRODUCTS_DIR}/RxCocoa-tvOS/RxCocoa.framework",
				"${BUILT_PRODUCTS_DIR}/RxSwift-tvOS/RxSwift.framework",
				"${BUILT_PRODUCTS_DIR}/SwiftRex-tvOS/SwiftRex.framework",
			);
			name = "[CP] Embed Pods Frameworks";
			outputFileListPaths = (
			);
			outputPaths = (
				"${TARGET_BUILD_DIR}/${FRAMEWORKS_FOLDER_PATH}/RxAtomic.framework",
				"${TARGET_BUILD_DIR}/${FRAMEWORKS_FOLDER_PATH}/RxCocoa.framework",
				"${TARGET_BUILD_DIR}/${FRAMEWORKS_FOLDER_PATH}/RxSwift.framework",
				"${TARGET_BUILD_DIR}/${FRAMEWORKS_FOLDER_PATH}/SwiftRex.framework",
			);
			runOnlyForDeploymentPostprocessing = 0;
			shellPath = /bin/sh;
			shellScript = "\"${SRCROOT}/../Pods/Target Support Files/Pods-ArcanosRadio tvOS/Pods-ArcanosRadio tvOS-frameworks.sh\"\n";
			showEnvVarsInLog = 0;
		};
		95AF9AE7AE98B767E892183B /* [CP] Check Pods Manifest.lock */ = {
			isa = PBXShellScriptBuildPhase;
			buildActionMask = 2147483647;
			files = (
			);
			inputFileListPaths = (
			);
			inputPaths = (
				"${PODS_PODFILE_DIR_PATH}/Podfile.lock",
				"${PODS_ROOT}/Manifest.lock",
			);
			name = "[CP] Check Pods Manifest.lock";
			outputFileListPaths = (
			);
			outputPaths = (
				"$(DERIVED_FILE_DIR)/Pods-ArcanosRadio iOS-checkManifestLockResult.txt",
			);
			runOnlyForDeploymentPostprocessing = 0;
			shellPath = /bin/sh;
			shellScript = "diff \"${PODS_PODFILE_DIR_PATH}/Podfile.lock\" \"${PODS_ROOT}/Manifest.lock\" > /dev/null\nif [ $? != 0 ] ; then\n    # print error to STDERR\n    echo \"error: The sandbox is not in sync with the Podfile.lock. Run 'pod install' or update your CocoaPods installation.\" >&2\n    exit 1\nfi\n# This output is used by Xcode 'outputs' to avoid re-running this script phase.\necho \"SUCCESS\" > \"${SCRIPT_OUTPUT_FILE_0}\"\n";
			showEnvVarsInLog = 0;
		};
		B2348EA7A7B72BD06DC604F5 /* [CP] Check Pods Manifest.lock */ = {
			isa = PBXShellScriptBuildPhase;
			buildActionMask = 2147483647;
			files = (
			);
			inputFileListPaths = (
			);
			inputPaths = (
				"${PODS_PODFILE_DIR_PATH}/Podfile.lock",
				"${PODS_ROOT}/Manifest.lock",
			);
			name = "[CP] Check Pods Manifest.lock";
			outputFileListPaths = (
			);
			outputPaths = (
				"$(DERIVED_FILE_DIR)/Pods-ArcanosRadio tvOS-checkManifestLockResult.txt",
			);
			runOnlyForDeploymentPostprocessing = 0;
			shellPath = /bin/sh;
			shellScript = "diff \"${PODS_PODFILE_DIR_PATH}/Podfile.lock\" \"${PODS_ROOT}/Manifest.lock\" > /dev/null\nif [ $? != 0 ] ; then\n    # print error to STDERR\n    echo \"error: The sandbox is not in sync with the Podfile.lock. Run 'pod install' or update your CocoaPods installation.\" >&2\n    exit 1\nfi\n# This output is used by Xcode 'outputs' to avoid re-running this script phase.\necho \"SUCCESS\" > \"${SCRIPT_OUTPUT_FILE_0}\"\n";
			showEnvVarsInLog = 0;
		};
		D536812B21DD6061007771DF /* Swiftgen */ = {
			isa = PBXShellScriptBuildPhase;
			buildActionMask = 2147483647;
			files = (
			);
			inputFileListPaths = (
			);
			inputPaths = (
				"",
			);
			name = Swiftgen;
			outputFileListPaths = (
			);
			outputPaths = (
			);
			runOnlyForDeploymentPostprocessing = 0;
			shellPath = /bin/sh;
			shellScript = "set -e\nif ! which swiftgen > /dev/null; then\n  echo \"error: SwiftGen is not installed.\"\n  exit 1\nfi\n\ncd $PROJECT_DIR/ArcanosRadio\\ iOS\nswiftgen\n";
		};
/* End PBXShellScriptBuildPhase section */

/* Begin PBXSourcesBuildPhase section */
		D521A990216D27BA00261BE3 /* Sources */ = {
			isa = PBXSourcesBuildPhase;
			buildActionMask = 2147483647;
			files = (
				D536813321DD922F007771DF /* AirplayViewController.swift in Sources */,
				D537258F2173A0F700C7400B /* RouterMiddleware.swift in Sources */,
				D537257A21738EA500C7400B /* Redux.swift in Sources */,
				D536812A21DD6012007771DF /* LocalizableStrings.swift in Sources */,
				D536812921DD6012007771DF /* Assets.swift in Sources */,
				D521A99A216D27BA00261BE3 /* CurrentSongViewController.swift in Sources */,
				D5334EB121BDA1BF005D2038 /* ShareSheetViewController.swift in Sources */,
				D521A998216D27BA00261BE3 /* AppDelegate.swift in Sources */,
			);
			runOnlyForDeploymentPostprocessing = 0;
		};
		D521A9B1216D284300261BE3 /* Sources */ = {
			isa = PBXSourcesBuildPhase;
			buildActionMask = 2147483647;
			files = (
				D52FE7372183FACD000DA781 /* CurrentSong.swift in Sources */,
				D521A9BD216D284300261BE3 /* ExtensionDelegate.swift in Sources */,
			);
			runOnlyForDeploymentPostprocessing = 0;
		};
		D521A9CF216D287500261BE3 /* Sources */ = {
			isa = PBXSourcesBuildPhase;
			buildActionMask = 2147483647;
			files = (
				D5DEB1D12184B3D90050BA0B /* RouterMiddleware.swift in Sources */,
				D521A9D6216D287500261BE3 /* AppDelegate.swift in Sources */,
				D5DEB1CD2184ACAD0050BA0B /* CurrentSongViewController.swift in Sources */,
				D5DEB1CF2184B3C00050BA0B /* Redux.swift in Sources */,
			);
			runOnlyForDeploymentPostprocessing = 0;
		};
/* End PBXSourcesBuildPhase section */

/* Begin PBXTargetDependency section */
		D521A9B8216D284300261BE3 /* PBXTargetDependency */ = {
			isa = PBXTargetDependency;
			target = D521A9B4216D284300261BE3 /* ArcanosRadio watchOS Extension */;
			targetProxy = D521A9B7216D284300261BE3 /* PBXContainerItemProxy */;
		};
		D521A9C5216D284400261BE3 /* PBXTargetDependency */ = {
			isa = PBXTargetDependency;
			target = D521A9A8216D284200261BE3 /* ArcanosRadio watchOS */;
			targetProxy = D521A9C4216D284400261BE3 /* PBXContainerItemProxy */;
		};
/* End PBXTargetDependency section */

/* Begin PBXVariantGroup section */
		D521A9A0216D27BC00261BE3 /* LaunchScreen.storyboard */ = {
			isa = PBXVariantGroup;
			children = (
				D521A9A1216D27BC00261BE3 /* Base */,
			);
			name = LaunchScreen.storyboard;
			sourceTree = "<group>";
		};
		D536812421DD5BD3007771DF /* Localizable.strings */ = {
			isa = PBXVariantGroup;
			children = (
				D536812321DD5BD3007771DF /* en */,
				D536812621DD5C99007771DF /* pt-BR */,
			);
			name = Localizable.strings;
			sourceTree = "<group>";
		};
/* End PBXVariantGroup section */

/* Begin XCBuildConfiguration section */
		D521A9A4216D27BC00261BE3 /* Debug */ = {
			isa = XCBuildConfiguration;
			baseConfigurationReference = E8812A922C289229E6BF4A03 /* Pods-ArcanosRadio iOS.debug.xcconfig */;
			buildSettings = {
				ALWAYS_SEARCH_USER_PATHS = NO;
				ASSETCATALOG_COMPILER_APPICON_NAME = AppIcon;
				CLANG_ANALYZER_NONNULL = YES;
				CLANG_ANALYZER_NUMBER_OBJECT_CONVERSION = YES_AGGRESSIVE;
				CLANG_CXX_LANGUAGE_STANDARD = "gnu++14";
				CLANG_CXX_LIBRARY = "libc++";
				CLANG_ENABLE_MODULES = YES;
				CLANG_ENABLE_OBJC_ARC = YES;
				CLANG_ENABLE_OBJC_WEAK = YES;
				CLANG_WARN_BLOCK_CAPTURE_AUTORELEASING = YES;
				CLANG_WARN_BOOL_CONVERSION = YES;
				CLANG_WARN_COMMA = YES;
				CLANG_WARN_CONSTANT_CONVERSION = YES;
				CLANG_WARN_DEPRECATED_OBJC_IMPLEMENTATIONS = YES;
				CLANG_WARN_DIRECT_OBJC_ISA_USAGE = YES_ERROR;
				CLANG_WARN_DOCUMENTATION_COMMENTS = YES;
				CLANG_WARN_EMPTY_BODY = YES;
				CLANG_WARN_ENUM_CONVERSION = YES;
				CLANG_WARN_INFINITE_RECURSION = YES;
				CLANG_WARN_INT_CONVERSION = YES;
				CLANG_WARN_NON_LITERAL_NULL_CONVERSION = YES;
				CLANG_WARN_OBJC_IMPLICIT_RETAIN_SELF = YES;
				CLANG_WARN_OBJC_LITERAL_CONVERSION = YES;
				CLANG_WARN_OBJC_ROOT_CLASS = YES_ERROR;
				CLANG_WARN_RANGE_LOOP_ANALYSIS = YES;
				CLANG_WARN_STRICT_PROTOTYPES = YES;
				CLANG_WARN_SUSPICIOUS_MOVE = YES;
				CLANG_WARN_UNGUARDED_AVAILABILITY = YES_AGGRESSIVE;
				CLANG_WARN_UNREACHABLE_CODE = YES;
				CLANG_WARN__DUPLICATE_METHOD_MATCH = YES;
				CODE_SIGN_IDENTITY = "iPhone Developer";
				CODE_SIGN_STYLE = Automatic;
				COPY_PHASE_STRIP = NO;
				DEBUG_INFORMATION_FORMAT = dwarf;
				DEVELOPMENT_TEAM = 7BK8NL3DYL;
				ENABLE_STRICT_OBJC_MSGSEND = YES;
				ENABLE_TESTABILITY = YES;
				GCC_C_LANGUAGE_STANDARD = gnu11;
				GCC_DYNAMIC_NO_PIC = NO;
				GCC_NO_COMMON_BLOCKS = YES;
				GCC_OPTIMIZATION_LEVEL = 0;
				GCC_PREPROCESSOR_DEFINITIONS = (
					"DEBUG=1",
					"$(inherited)",
				);
				GCC_WARN_64_TO_32_BIT_CONVERSION = YES;
				GCC_WARN_ABOUT_RETURN_TYPE = YES_ERROR;
				GCC_WARN_UNDECLARED_SELECTOR = YES;
				GCC_WARN_UNINITIALIZED_AUTOS = YES_AGGRESSIVE;
				GCC_WARN_UNUSED_FUNCTION = YES;
				GCC_WARN_UNUSED_VARIABLE = YES;
				INFOPLIST_FILE = "$(SRCROOT)/ArcanosRadio iOS/Bootstrap/Info.plist";
				IPHONEOS_DEPLOYMENT_TARGET = 10.0;
				LD_RUNPATH_SEARCH_PATHS = (
					"$(inherited)",
					"@executable_path/Frameworks",
				);
				MTL_ENABLE_DEBUG_INFO = INCLUDE_SOURCE;
				MTL_FAST_MATH = YES;
				ONLY_ACTIVE_ARCH = YES;
				PRODUCT_BUNDLE_IDENTIFIER = de.developercity.beta.ArcanosRadio;
				PRODUCT_NAME = "Arcanos Radio";
				SDKROOT = iphoneos;
				SWIFT_ACTIVE_COMPILATION_CONDITIONS = DEBUG;
				SWIFT_OPTIMIZATION_LEVEL = "-Onone";
				SWIFT_VERSION = 4.2;
				TARGETED_DEVICE_FAMILY = "1,2";
			};
			name = Debug;
		};
		D521A9A5216D27BC00261BE3 /* Release */ = {
			isa = XCBuildConfiguration;
			baseConfigurationReference = 671983C450B31EBCA97924BE /* Pods-ArcanosRadio iOS.release.xcconfig */;
			buildSettings = {
				ALWAYS_SEARCH_USER_PATHS = NO;
				ASSETCATALOG_COMPILER_APPICON_NAME = AppIcon;
				CLANG_ANALYZER_NONNULL = YES;
				CLANG_ANALYZER_NUMBER_OBJECT_CONVERSION = YES_AGGRESSIVE;
				CLANG_CXX_LANGUAGE_STANDARD = "gnu++14";
				CLANG_CXX_LIBRARY = "libc++";
				CLANG_ENABLE_MODULES = YES;
				CLANG_ENABLE_OBJC_ARC = YES;
				CLANG_ENABLE_OBJC_WEAK = YES;
				CLANG_WARN_BLOCK_CAPTURE_AUTORELEASING = YES;
				CLANG_WARN_BOOL_CONVERSION = YES;
				CLANG_WARN_COMMA = YES;
				CLANG_WARN_CONSTANT_CONVERSION = YES;
				CLANG_WARN_DEPRECATED_OBJC_IMPLEMENTATIONS = YES;
				CLANG_WARN_DIRECT_OBJC_ISA_USAGE = YES_ERROR;
				CLANG_WARN_DOCUMENTATION_COMMENTS = YES;
				CLANG_WARN_EMPTY_BODY = YES;
				CLANG_WARN_ENUM_CONVERSION = YES;
				CLANG_WARN_INFINITE_RECURSION = YES;
				CLANG_WARN_INT_CONVERSION = YES;
				CLANG_WARN_NON_LITERAL_NULL_CONVERSION = YES;
				CLANG_WARN_OBJC_IMPLICIT_RETAIN_SELF = YES;
				CLANG_WARN_OBJC_LITERAL_CONVERSION = YES;
				CLANG_WARN_OBJC_ROOT_CLASS = YES_ERROR;
				CLANG_WARN_RANGE_LOOP_ANALYSIS = YES;
				CLANG_WARN_STRICT_PROTOTYPES = YES;
				CLANG_WARN_SUSPICIOUS_MOVE = YES;
				CLANG_WARN_UNGUARDED_AVAILABILITY = YES_AGGRESSIVE;
				CLANG_WARN_UNREACHABLE_CODE = YES;
				CLANG_WARN__DUPLICATE_METHOD_MATCH = YES;
				CODE_SIGN_IDENTITY = "iPhone Developer";
				CODE_SIGN_STYLE = Automatic;
				COPY_PHASE_STRIP = NO;
				DEBUG_INFORMATION_FORMAT = "dwarf-with-dsym";
				DEVELOPMENT_TEAM = 7BK8NL3DYL;
				ENABLE_NS_ASSERTIONS = NO;
				ENABLE_STRICT_OBJC_MSGSEND = YES;
				GCC_C_LANGUAGE_STANDARD = gnu11;
				GCC_NO_COMMON_BLOCKS = YES;
				GCC_WARN_64_TO_32_BIT_CONVERSION = YES;
				GCC_WARN_ABOUT_RETURN_TYPE = YES_ERROR;
				GCC_WARN_UNDECLARED_SELECTOR = YES;
				GCC_WARN_UNINITIALIZED_AUTOS = YES_AGGRESSIVE;
				GCC_WARN_UNUSED_FUNCTION = YES;
				GCC_WARN_UNUSED_VARIABLE = YES;
				INFOPLIST_FILE = "$(SRCROOT)/ArcanosRadio iOS/Bootstrap/Info.plist";
				IPHONEOS_DEPLOYMENT_TARGET = 10.0;
				LD_RUNPATH_SEARCH_PATHS = (
					"$(inherited)",
					"@executable_path/Frameworks",
				);
				MTL_ENABLE_DEBUG_INFO = NO;
				MTL_FAST_MATH = YES;
				PRODUCT_BUNDLE_IDENTIFIER = de.developercity.beta.ArcanosRadio;
				PRODUCT_NAME = "Arcanos Radio";
				SDKROOT = iphoneos;
				SWIFT_COMPILATION_MODE = wholemodule;
				SWIFT_OPTIMIZATION_LEVEL = "-O";
				SWIFT_VERSION = 4.2;
				TARGETED_DEVICE_FAMILY = "1,2";
				VALIDATE_PRODUCT = YES;
			};
			name = Release;
		};
		D521A9C8216D284400261BE3 /* Debug */ = {
			isa = XCBuildConfiguration;
			baseConfigurationReference = B93A2B1FE9B52DD5CCB2D3FD /* Pods-ArcanosRadio watchOS Extension.debug.xcconfig */;
			buildSettings = {
				ALWAYS_SEARCH_USER_PATHS = NO;
				ASSETCATALOG_COMPILER_COMPLICATION_NAME = Complication;
				CLANG_ANALYZER_NONNULL = YES;
				CLANG_ANALYZER_NUMBER_OBJECT_CONVERSION = YES_AGGRESSIVE;
				CLANG_CXX_LANGUAGE_STANDARD = "gnu++14";
				CLANG_CXX_LIBRARY = "libc++";
				CLANG_ENABLE_MODULES = YES;
				CLANG_ENABLE_OBJC_ARC = YES;
				CLANG_ENABLE_OBJC_WEAK = YES;
				CLANG_WARN_BLOCK_CAPTURE_AUTORELEASING = YES;
				CLANG_WARN_BOOL_CONVERSION = YES;
				CLANG_WARN_COMMA = YES;
				CLANG_WARN_CONSTANT_CONVERSION = YES;
				CLANG_WARN_DEPRECATED_OBJC_IMPLEMENTATIONS = YES;
				CLANG_WARN_DIRECT_OBJC_ISA_USAGE = YES_ERROR;
				CLANG_WARN_DOCUMENTATION_COMMENTS = YES;
				CLANG_WARN_EMPTY_BODY = YES;
				CLANG_WARN_ENUM_CONVERSION = YES;
				CLANG_WARN_INFINITE_RECURSION = YES;
				CLANG_WARN_INT_CONVERSION = YES;
				CLANG_WARN_NON_LITERAL_NULL_CONVERSION = YES;
				CLANG_WARN_OBJC_IMPLICIT_RETAIN_SELF = YES;
				CLANG_WARN_OBJC_LITERAL_CONVERSION = YES;
				CLANG_WARN_OBJC_ROOT_CLASS = YES_ERROR;
				CLANG_WARN_RANGE_LOOP_ANALYSIS = YES;
				CLANG_WARN_STRICT_PROTOTYPES = YES;
				CLANG_WARN_SUSPICIOUS_MOVE = YES;
				CLANG_WARN_UNGUARDED_AVAILABILITY = YES_AGGRESSIVE;
				CLANG_WARN_UNREACHABLE_CODE = YES;
				CLANG_WARN__DUPLICATE_METHOD_MATCH = YES;
				CODE_SIGN_STYLE = Automatic;
				COPY_PHASE_STRIP = NO;
				DEBUG_INFORMATION_FORMAT = dwarf;
				DEVELOPMENT_TEAM = 7BK8NL3DYL;
				ENABLE_STRICT_OBJC_MSGSEND = YES;
				ENABLE_TESTABILITY = YES;
				GCC_C_LANGUAGE_STANDARD = gnu11;
				GCC_DYNAMIC_NO_PIC = NO;
				GCC_NO_COMMON_BLOCKS = YES;
				GCC_OPTIMIZATION_LEVEL = 0;
				GCC_PREPROCESSOR_DEFINITIONS = (
					"DEBUG=1",
					"$(inherited)",
				);
				GCC_WARN_64_TO_32_BIT_CONVERSION = YES;
				GCC_WARN_ABOUT_RETURN_TYPE = YES_ERROR;
				GCC_WARN_UNDECLARED_SELECTOR = YES;
				GCC_WARN_UNINITIALIZED_AUTOS = YES_AGGRESSIVE;
				GCC_WARN_UNUSED_FUNCTION = YES;
				GCC_WARN_UNUSED_VARIABLE = YES;
				INFOPLIST_FILE = "ArcanosRadio watchOS Extension/Info.plist";
				LD_RUNPATH_SEARCH_PATHS = (
					"$(inherited)",
					"@executable_path/Frameworks",
					"@executable_path/../../Frameworks",
				);
				MTL_ENABLE_DEBUG_INFO = INCLUDE_SOURCE;
				MTL_FAST_MATH = YES;
				ONLY_ACTIVE_ARCH = YES;
				PRODUCT_BUNDLE_IDENTIFIER = de.developercity.beta.ArcanosRadio.watchkitapp.watchkitextension;
				PRODUCT_NAME = "ArcanosRadio Extension";
				SDKROOT = watchos;
				SKIP_INSTALL = YES;
				SWIFT_ACTIVE_COMPILATION_CONDITIONS = DEBUG;
				SWIFT_OPTIMIZATION_LEVEL = "-Onone";
				SWIFT_VERSION = 4.2;
				TARGETED_DEVICE_FAMILY = 4;
				WATCHOS_DEPLOYMENT_TARGET = 4.0;
			};
			name = Debug;
		};
		D521A9C9216D284400261BE3 /* Release */ = {
			isa = XCBuildConfiguration;
			baseConfigurationReference = 3A031F33B7D37C22923C583D /* Pods-ArcanosRadio watchOS Extension.release.xcconfig */;
			buildSettings = {
				ALWAYS_SEARCH_USER_PATHS = NO;
				ASSETCATALOG_COMPILER_COMPLICATION_NAME = Complication;
				CLANG_ANALYZER_NONNULL = YES;
				CLANG_ANALYZER_NUMBER_OBJECT_CONVERSION = YES_AGGRESSIVE;
				CLANG_CXX_LANGUAGE_STANDARD = "gnu++14";
				CLANG_CXX_LIBRARY = "libc++";
				CLANG_ENABLE_MODULES = YES;
				CLANG_ENABLE_OBJC_ARC = YES;
				CLANG_ENABLE_OBJC_WEAK = YES;
				CLANG_WARN_BLOCK_CAPTURE_AUTORELEASING = YES;
				CLANG_WARN_BOOL_CONVERSION = YES;
				CLANG_WARN_COMMA = YES;
				CLANG_WARN_CONSTANT_CONVERSION = YES;
				CLANG_WARN_DEPRECATED_OBJC_IMPLEMENTATIONS = YES;
				CLANG_WARN_DIRECT_OBJC_ISA_USAGE = YES_ERROR;
				CLANG_WARN_DOCUMENTATION_COMMENTS = YES;
				CLANG_WARN_EMPTY_BODY = YES;
				CLANG_WARN_ENUM_CONVERSION = YES;
				CLANG_WARN_INFINITE_RECURSION = YES;
				CLANG_WARN_INT_CONVERSION = YES;
				CLANG_WARN_NON_LITERAL_NULL_CONVERSION = YES;
				CLANG_WARN_OBJC_IMPLICIT_RETAIN_SELF = YES;
				CLANG_WARN_OBJC_LITERAL_CONVERSION = YES;
				CLANG_WARN_OBJC_ROOT_CLASS = YES_ERROR;
				CLANG_WARN_RANGE_LOOP_ANALYSIS = YES;
				CLANG_WARN_STRICT_PROTOTYPES = YES;
				CLANG_WARN_SUSPICIOUS_MOVE = YES;
				CLANG_WARN_UNGUARDED_AVAILABILITY = YES_AGGRESSIVE;
				CLANG_WARN_UNREACHABLE_CODE = YES;
				CLANG_WARN__DUPLICATE_METHOD_MATCH = YES;
				CODE_SIGN_STYLE = Automatic;
				COPY_PHASE_STRIP = NO;
				DEBUG_INFORMATION_FORMAT = "dwarf-with-dsym";
				DEVELOPMENT_TEAM = 7BK8NL3DYL;
				ENABLE_NS_ASSERTIONS = NO;
				ENABLE_STRICT_OBJC_MSGSEND = YES;
				GCC_C_LANGUAGE_STANDARD = gnu11;
				GCC_NO_COMMON_BLOCKS = YES;
				GCC_WARN_64_TO_32_BIT_CONVERSION = YES;
				GCC_WARN_ABOUT_RETURN_TYPE = YES_ERROR;
				GCC_WARN_UNDECLARED_SELECTOR = YES;
				GCC_WARN_UNINITIALIZED_AUTOS = YES_AGGRESSIVE;
				GCC_WARN_UNUSED_FUNCTION = YES;
				GCC_WARN_UNUSED_VARIABLE = YES;
				INFOPLIST_FILE = "ArcanosRadio watchOS Extension/Info.plist";
				LD_RUNPATH_SEARCH_PATHS = (
					"$(inherited)",
					"@executable_path/Frameworks",
					"@executable_path/../../Frameworks",
				);
				MTL_ENABLE_DEBUG_INFO = NO;
				MTL_FAST_MATH = YES;
				PRODUCT_BUNDLE_IDENTIFIER = de.developercity.beta.ArcanosRadio.watchkitapp.watchkitextension;
				PRODUCT_NAME = "ArcanosRadio Extension";
				SDKROOT = watchos;
				SKIP_INSTALL = YES;
				SWIFT_COMPILATION_MODE = wholemodule;
				SWIFT_OPTIMIZATION_LEVEL = "-O";
				SWIFT_VERSION = 4.2;
				TARGETED_DEVICE_FAMILY = 4;
				VALIDATE_PRODUCT = YES;
				WATCHOS_DEPLOYMENT_TARGET = 4.0;
			};
			name = Release;
		};
		D521A9CC216D284400261BE3 /* Debug */ = {
			isa = XCBuildConfiguration;
			buildSettings = {
				ALWAYS_EMBED_SWIFT_STANDARD_LIBRARIES = YES;
				ALWAYS_SEARCH_USER_PATHS = NO;
				ASSETCATALOG_COMPILER_APPICON_NAME = AppIcon;
				CLANG_ANALYZER_NONNULL = YES;
				CLANG_ANALYZER_NUMBER_OBJECT_CONVERSION = YES_AGGRESSIVE;
				CLANG_CXX_LANGUAGE_STANDARD = "gnu++14";
				CLANG_CXX_LIBRARY = "libc++";
				CLANG_ENABLE_MODULES = YES;
				CLANG_ENABLE_OBJC_ARC = YES;
				CLANG_ENABLE_OBJC_WEAK = YES;
				CLANG_WARN_BLOCK_CAPTURE_AUTORELEASING = YES;
				CLANG_WARN_BOOL_CONVERSION = YES;
				CLANG_WARN_COMMA = YES;
				CLANG_WARN_CONSTANT_CONVERSION = YES;
				CLANG_WARN_DEPRECATED_OBJC_IMPLEMENTATIONS = YES;
				CLANG_WARN_DIRECT_OBJC_ISA_USAGE = YES_ERROR;
				CLANG_WARN_DOCUMENTATION_COMMENTS = YES;
				CLANG_WARN_EMPTY_BODY = YES;
				CLANG_WARN_ENUM_CONVERSION = YES;
				CLANG_WARN_INFINITE_RECURSION = YES;
				CLANG_WARN_INT_CONVERSION = YES;
				CLANG_WARN_NON_LITERAL_NULL_CONVERSION = YES;
				CLANG_WARN_OBJC_IMPLICIT_RETAIN_SELF = YES;
				CLANG_WARN_OBJC_LITERAL_CONVERSION = YES;
				CLANG_WARN_OBJC_ROOT_CLASS = YES_ERROR;
				CLANG_WARN_RANGE_LOOP_ANALYSIS = YES;
				CLANG_WARN_STRICT_PROTOTYPES = YES;
				CLANG_WARN_SUSPICIOUS_MOVE = YES;
				CLANG_WARN_UNGUARDED_AVAILABILITY = YES_AGGRESSIVE;
				CLANG_WARN_UNREACHABLE_CODE = YES;
				CLANG_WARN__DUPLICATE_METHOD_MATCH = YES;
				CODE_SIGN_IDENTITY = "iPhone Developer";
				CODE_SIGN_STYLE = Automatic;
				COPY_PHASE_STRIP = NO;
				DEBUG_INFORMATION_FORMAT = dwarf;
				DEVELOPMENT_TEAM = 7BK8NL3DYL;
				ENABLE_STRICT_OBJC_MSGSEND = YES;
				ENABLE_TESTABILITY = YES;
				GCC_C_LANGUAGE_STANDARD = gnu11;
				GCC_DYNAMIC_NO_PIC = NO;
				GCC_NO_COMMON_BLOCKS = YES;
				GCC_OPTIMIZATION_LEVEL = 0;
				GCC_PREPROCESSOR_DEFINITIONS = (
					"DEBUG=1",
					"$(inherited)",
				);
				GCC_WARN_64_TO_32_BIT_CONVERSION = YES;
				GCC_WARN_ABOUT_RETURN_TYPE = YES_ERROR;
				GCC_WARN_UNDECLARED_SELECTOR = YES;
				GCC_WARN_UNINITIALIZED_AUTOS = YES_AGGRESSIVE;
				GCC_WARN_UNUSED_FUNCTION = YES;
				GCC_WARN_UNUSED_VARIABLE = YES;
				IBSC_MODULE = ArcanosRadio_watchOS_Extension;
				INFOPLIST_FILE = "ArcanosRadio watchOS/Info.plist";
				MTL_ENABLE_DEBUG_INFO = INCLUDE_SOURCE;
				MTL_FAST_MATH = YES;
				ONLY_ACTIVE_ARCH = YES;
				PRODUCT_BUNDLE_IDENTIFIER = de.developercity.beta.ArcanosRadio.watchkitapp;
				PRODUCT_NAME = ArcanosRadio;
				SDKROOT = watchos;
				SKIP_INSTALL = YES;
				SWIFT_ACTIVE_COMPILATION_CONDITIONS = DEBUG;
				SWIFT_OPTIMIZATION_LEVEL = "-Onone";
				SWIFT_VERSION = 4.2;
				TARGETED_DEVICE_FAMILY = 4;
				WATCHOS_DEPLOYMENT_TARGET = 4.0;
			};
			name = Debug;
		};
		D521A9CD216D284400261BE3 /* Release */ = {
			isa = XCBuildConfiguration;
			buildSettings = {
				ALWAYS_EMBED_SWIFT_STANDARD_LIBRARIES = YES;
				ALWAYS_SEARCH_USER_PATHS = NO;
				ASSETCATALOG_COMPILER_APPICON_NAME = AppIcon;
				CLANG_ANALYZER_NONNULL = YES;
				CLANG_ANALYZER_NUMBER_OBJECT_CONVERSION = YES_AGGRESSIVE;
				CLANG_CXX_LANGUAGE_STANDARD = "gnu++14";
				CLANG_CXX_LIBRARY = "libc++";
				CLANG_ENABLE_MODULES = YES;
				CLANG_ENABLE_OBJC_ARC = YES;
				CLANG_ENABLE_OBJC_WEAK = YES;
				CLANG_WARN_BLOCK_CAPTURE_AUTORELEASING = YES;
				CLANG_WARN_BOOL_CONVERSION = YES;
				CLANG_WARN_COMMA = YES;
				CLANG_WARN_CONSTANT_CONVERSION = YES;
				CLANG_WARN_DEPRECATED_OBJC_IMPLEMENTATIONS = YES;
				CLANG_WARN_DIRECT_OBJC_ISA_USAGE = YES_ERROR;
				CLANG_WARN_DOCUMENTATION_COMMENTS = YES;
				CLANG_WARN_EMPTY_BODY = YES;
				CLANG_WARN_ENUM_CONVERSION = YES;
				CLANG_WARN_INFINITE_RECURSION = YES;
				CLANG_WARN_INT_CONVERSION = YES;
				CLANG_WARN_NON_LITERAL_NULL_CONVERSION = YES;
				CLANG_WARN_OBJC_IMPLICIT_RETAIN_SELF = YES;
				CLANG_WARN_OBJC_LITERAL_CONVERSION = YES;
				CLANG_WARN_OBJC_ROOT_CLASS = YES_ERROR;
				CLANG_WARN_RANGE_LOOP_ANALYSIS = YES;
				CLANG_WARN_STRICT_PROTOTYPES = YES;
				CLANG_WARN_SUSPICIOUS_MOVE = YES;
				CLANG_WARN_UNGUARDED_AVAILABILITY = YES_AGGRESSIVE;
				CLANG_WARN_UNREACHABLE_CODE = YES;
				CLANG_WARN__DUPLICATE_METHOD_MATCH = YES;
				CODE_SIGN_IDENTITY = "iPhone Developer";
				CODE_SIGN_STYLE = Automatic;
				COPY_PHASE_STRIP = NO;
				DEBUG_INFORMATION_FORMAT = "dwarf-with-dsym";
				DEVELOPMENT_TEAM = 7BK8NL3DYL;
				ENABLE_NS_ASSERTIONS = NO;
				ENABLE_STRICT_OBJC_MSGSEND = YES;
				GCC_C_LANGUAGE_STANDARD = gnu11;
				GCC_NO_COMMON_BLOCKS = YES;
				GCC_WARN_64_TO_32_BIT_CONVERSION = YES;
				GCC_WARN_ABOUT_RETURN_TYPE = YES_ERROR;
				GCC_WARN_UNDECLARED_SELECTOR = YES;
				GCC_WARN_UNINITIALIZED_AUTOS = YES_AGGRESSIVE;
				GCC_WARN_UNUSED_FUNCTION = YES;
				GCC_WARN_UNUSED_VARIABLE = YES;
				IBSC_MODULE = ArcanosRadio_watchOS_Extension;
				INFOPLIST_FILE = "ArcanosRadio watchOS/Info.plist";
				MTL_ENABLE_DEBUG_INFO = NO;
				MTL_FAST_MATH = YES;
				PRODUCT_BUNDLE_IDENTIFIER = de.developercity.beta.ArcanosRadio.watchkitapp;
				PRODUCT_NAME = ArcanosRadio;
				SDKROOT = watchos;
				SKIP_INSTALL = YES;
				SWIFT_COMPILATION_MODE = wholemodule;
				SWIFT_OPTIMIZATION_LEVEL = "-O";
				SWIFT_VERSION = 4.2;
				TARGETED_DEVICE_FAMILY = 4;
				VALIDATE_PRODUCT = YES;
				WATCHOS_DEPLOYMENT_TARGET = 4.0;
			};
			name = Release;
		};
		D521A9E0216D287700261BE3 /* Debug */ = {
			isa = XCBuildConfiguration;
			baseConfigurationReference = A66C5048A75A55A2F4ED8486 /* Pods-ArcanosRadio tvOS.debug.xcconfig */;
			buildSettings = {
				ALWAYS_SEARCH_USER_PATHS = NO;
				ASSETCATALOG_COMPILER_APPICON_NAME = "App Icon & Top Shelf Image";
				ASSETCATALOG_COMPILER_LAUNCHIMAGE_NAME = "Launch Image";
				CLANG_ANALYZER_NONNULL = YES;
				CLANG_ANALYZER_NUMBER_OBJECT_CONVERSION = YES_AGGRESSIVE;
				CLANG_CXX_LANGUAGE_STANDARD = "gnu++14";
				CLANG_CXX_LIBRARY = "libc++";
				CLANG_ENABLE_MODULES = YES;
				CLANG_ENABLE_OBJC_ARC = YES;
				CLANG_ENABLE_OBJC_WEAK = YES;
				CLANG_WARN_BLOCK_CAPTURE_AUTORELEASING = YES;
				CLANG_WARN_BOOL_CONVERSION = YES;
				CLANG_WARN_COMMA = YES;
				CLANG_WARN_CONSTANT_CONVERSION = YES;
				CLANG_WARN_DEPRECATED_OBJC_IMPLEMENTATIONS = YES;
				CLANG_WARN_DIRECT_OBJC_ISA_USAGE = YES_ERROR;
				CLANG_WARN_DOCUMENTATION_COMMENTS = YES;
				CLANG_WARN_EMPTY_BODY = YES;
				CLANG_WARN_ENUM_CONVERSION = YES;
				CLANG_WARN_INFINITE_RECURSION = YES;
				CLANG_WARN_INT_CONVERSION = YES;
				CLANG_WARN_NON_LITERAL_NULL_CONVERSION = YES;
				CLANG_WARN_OBJC_IMPLICIT_RETAIN_SELF = YES;
				CLANG_WARN_OBJC_LITERAL_CONVERSION = YES;
				CLANG_WARN_OBJC_ROOT_CLASS = YES_ERROR;
				CLANG_WARN_RANGE_LOOP_ANALYSIS = YES;
				CLANG_WARN_STRICT_PROTOTYPES = YES;
				CLANG_WARN_SUSPICIOUS_MOVE = YES;
				CLANG_WARN_UNGUARDED_AVAILABILITY = YES_AGGRESSIVE;
				CLANG_WARN_UNREACHABLE_CODE = YES;
				CLANG_WARN__DUPLICATE_METHOD_MATCH = YES;
				CODE_SIGN_STYLE = Automatic;
				COPY_PHASE_STRIP = NO;
				DEBUG_INFORMATION_FORMAT = dwarf;
				DEVELOPMENT_TEAM = 7BK8NL3DYL;
				ENABLE_STRICT_OBJC_MSGSEND = YES;
				ENABLE_TESTABILITY = YES;
				GCC_C_LANGUAGE_STANDARD = gnu11;
				GCC_DYNAMIC_NO_PIC = NO;
				GCC_NO_COMMON_BLOCKS = YES;
				GCC_OPTIMIZATION_LEVEL = 0;
				GCC_PREPROCESSOR_DEFINITIONS = (
					"DEBUG=1",
					"$(inherited)",
				);
				GCC_WARN_64_TO_32_BIT_CONVERSION = YES;
				GCC_WARN_ABOUT_RETURN_TYPE = YES_ERROR;
				GCC_WARN_UNDECLARED_SELECTOR = YES;
				GCC_WARN_UNINITIALIZED_AUTOS = YES_AGGRESSIVE;
				GCC_WARN_UNUSED_FUNCTION = YES;
				GCC_WARN_UNUSED_VARIABLE = YES;
				INFOPLIST_FILE = "$(SRCROOT)/ArcanosRadio tvOS/Bootstrap/Info.plist";
				LD_RUNPATH_SEARCH_PATHS = (
					"$(inherited)",
					"@executable_path/Frameworks",
				);
				MTL_ENABLE_DEBUG_INFO = INCLUDE_SOURCE;
				MTL_FAST_MATH = YES;
				ONLY_ACTIVE_ARCH = YES;
				PRODUCT_BUNDLE_IDENTIFIER = "de.developercity.beta.ArcanosRadio-tvOS";
				PRODUCT_NAME = "Arcanos Radio";
				SDKROOT = appletvos;
				SWIFT_ACTIVE_COMPILATION_CONDITIONS = DEBUG;
				SWIFT_OPTIMIZATION_LEVEL = "-Onone";
				SWIFT_VERSION = 4.2;
				TARGETED_DEVICE_FAMILY = 3;
				TVOS_DEPLOYMENT_TARGET = 10.0;
			};
			name = Debug;
		};
		D521A9E1216D287700261BE3 /* Release */ = {
			isa = XCBuildConfiguration;
			baseConfigurationReference = 0C3CF23F98A1B44C02A344E0 /* Pods-ArcanosRadio tvOS.release.xcconfig */;
			buildSettings = {
				ALWAYS_SEARCH_USER_PATHS = NO;
				ASSETCATALOG_COMPILER_APPICON_NAME = "App Icon & Top Shelf Image";
				ASSETCATALOG_COMPILER_LAUNCHIMAGE_NAME = "Launch Image";
				CLANG_ANALYZER_NONNULL = YES;
				CLANG_ANALYZER_NUMBER_OBJECT_CONVERSION = YES_AGGRESSIVE;
				CLANG_CXX_LANGUAGE_STANDARD = "gnu++14";
				CLANG_CXX_LIBRARY = "libc++";
				CLANG_ENABLE_MODULES = YES;
				CLANG_ENABLE_OBJC_ARC = YES;
				CLANG_ENABLE_OBJC_WEAK = YES;
				CLANG_WARN_BLOCK_CAPTURE_AUTORELEASING = YES;
				CLANG_WARN_BOOL_CONVERSION = YES;
				CLANG_WARN_COMMA = YES;
				CLANG_WARN_CONSTANT_CONVERSION = YES;
				CLANG_WARN_DEPRECATED_OBJC_IMPLEMENTATIONS = YES;
				CLANG_WARN_DIRECT_OBJC_ISA_USAGE = YES_ERROR;
				CLANG_WARN_DOCUMENTATION_COMMENTS = YES;
				CLANG_WARN_EMPTY_BODY = YES;
				CLANG_WARN_ENUM_CONVERSION = YES;
				CLANG_WARN_INFINITE_RECURSION = YES;
				CLANG_WARN_INT_CONVERSION = YES;
				CLANG_WARN_NON_LITERAL_NULL_CONVERSION = YES;
				CLANG_WARN_OBJC_IMPLICIT_RETAIN_SELF = YES;
				CLANG_WARN_OBJC_LITERAL_CONVERSION = YES;
				CLANG_WARN_OBJC_ROOT_CLASS = YES_ERROR;
				CLANG_WARN_RANGE_LOOP_ANALYSIS = YES;
				CLANG_WARN_STRICT_PROTOTYPES = YES;
				CLANG_WARN_SUSPICIOUS_MOVE = YES;
				CLANG_WARN_UNGUARDED_AVAILABILITY = YES_AGGRESSIVE;
				CLANG_WARN_UNREACHABLE_CODE = YES;
				CLANG_WARN__DUPLICATE_METHOD_MATCH = YES;
				CODE_SIGN_STYLE = Automatic;
				COPY_PHASE_STRIP = NO;
				DEBUG_INFORMATION_FORMAT = "dwarf-with-dsym";
				DEVELOPMENT_TEAM = 7BK8NL3DYL;
				ENABLE_NS_ASSERTIONS = NO;
				ENABLE_STRICT_OBJC_MSGSEND = YES;
				GCC_C_LANGUAGE_STANDARD = gnu11;
				GCC_NO_COMMON_BLOCKS = YES;
				GCC_WARN_64_TO_32_BIT_CONVERSION = YES;
				GCC_WARN_ABOUT_RETURN_TYPE = YES_ERROR;
				GCC_WARN_UNDECLARED_SELECTOR = YES;
				GCC_WARN_UNINITIALIZED_AUTOS = YES_AGGRESSIVE;
				GCC_WARN_UNUSED_FUNCTION = YES;
				GCC_WARN_UNUSED_VARIABLE = YES;
				INFOPLIST_FILE = "$(SRCROOT)/ArcanosRadio tvOS/Bootstrap/Info.plist";
				LD_RUNPATH_SEARCH_PATHS = (
					"$(inherited)",
					"@executable_path/Frameworks",
				);
				MTL_ENABLE_DEBUG_INFO = NO;
				MTL_FAST_MATH = YES;
				PRODUCT_BUNDLE_IDENTIFIER = "de.developercity.beta.ArcanosRadio-tvOS";
				PRODUCT_NAME = "Arcanos Radio";
				SDKROOT = appletvos;
				SWIFT_COMPILATION_MODE = wholemodule;
				SWIFT_OPTIMIZATION_LEVEL = "-O";
				SWIFT_VERSION = 4.2;
				TARGETED_DEVICE_FAMILY = 3;
				TVOS_DEPLOYMENT_TARGET = 10.0;
				VALIDATE_PRODUCT = YES;
			};
			name = Release;
		};
		D5CDD333216D276E00BD36C4 /* Debug */ = {
			isa = XCBuildConfiguration;
			buildSettings = {
				CLANG_ANALYZER_LOCALIZABILITY_NONLOCALIZED = YES;
				CLANG_WARN_BLOCK_CAPTURE_AUTORELEASING = YES;
				CLANG_WARN_BOOL_CONVERSION = YES;
				CLANG_WARN_COMMA = YES;
				CLANG_WARN_CONSTANT_CONVERSION = YES;
				CLANG_WARN_DEPRECATED_OBJC_IMPLEMENTATIONS = YES;
				CLANG_WARN_EMPTY_BODY = YES;
				CLANG_WARN_ENUM_CONVERSION = YES;
				CLANG_WARN_INFINITE_RECURSION = YES;
				CLANG_WARN_INT_CONVERSION = YES;
				CLANG_WARN_NON_LITERAL_NULL_CONVERSION = YES;
				CLANG_WARN_OBJC_IMPLICIT_RETAIN_SELF = YES;
				CLANG_WARN_OBJC_LITERAL_CONVERSION = YES;
				CLANG_WARN_RANGE_LOOP_ANALYSIS = YES;
				CLANG_WARN_STRICT_PROTOTYPES = YES;
				CLANG_WARN_SUSPICIOUS_MOVE = YES;
				CLANG_WARN_UNREACHABLE_CODE = YES;
				CLANG_WARN__DUPLICATE_METHOD_MATCH = YES;
				ENABLE_STRICT_OBJC_MSGSEND = YES;
				ENABLE_TESTABILITY = YES;
				GCC_NO_COMMON_BLOCKS = YES;
				GCC_WARN_64_TO_32_BIT_CONVERSION = YES;
				GCC_WARN_ABOUT_RETURN_TYPE = YES;
				GCC_WARN_UNDECLARED_SELECTOR = YES;
				GCC_WARN_UNINITIALIZED_AUTOS = YES;
				GCC_WARN_UNUSED_FUNCTION = YES;
				GCC_WARN_UNUSED_VARIABLE = YES;
				ONLY_ACTIVE_ARCH = YES;
			};
			name = Debug;
		};
		D5CDD334216D276E00BD36C4 /* Release */ = {
			isa = XCBuildConfiguration;
			buildSettings = {
				CLANG_ANALYZER_LOCALIZABILITY_NONLOCALIZED = YES;
				CLANG_WARN_BLOCK_CAPTURE_AUTORELEASING = YES;
				CLANG_WARN_BOOL_CONVERSION = YES;
				CLANG_WARN_COMMA = YES;
				CLANG_WARN_CONSTANT_CONVERSION = YES;
				CLANG_WARN_DEPRECATED_OBJC_IMPLEMENTATIONS = YES;
				CLANG_WARN_EMPTY_BODY = YES;
				CLANG_WARN_ENUM_CONVERSION = YES;
				CLANG_WARN_INFINITE_RECURSION = YES;
				CLANG_WARN_INT_CONVERSION = YES;
				CLANG_WARN_NON_LITERAL_NULL_CONVERSION = YES;
				CLANG_WARN_OBJC_IMPLICIT_RETAIN_SELF = YES;
				CLANG_WARN_OBJC_LITERAL_CONVERSION = YES;
				CLANG_WARN_RANGE_LOOP_ANALYSIS = YES;
				CLANG_WARN_STRICT_PROTOTYPES = YES;
				CLANG_WARN_SUSPICIOUS_MOVE = YES;
				CLANG_WARN_UNREACHABLE_CODE = YES;
				CLANG_WARN__DUPLICATE_METHOD_MATCH = YES;
				ENABLE_STRICT_OBJC_MSGSEND = YES;
				GCC_NO_COMMON_BLOCKS = YES;
				GCC_WARN_64_TO_32_BIT_CONVERSION = YES;
				GCC_WARN_ABOUT_RETURN_TYPE = YES;
				GCC_WARN_UNDECLARED_SELECTOR = YES;
				GCC_WARN_UNINITIALIZED_AUTOS = YES;
				GCC_WARN_UNUSED_FUNCTION = YES;
				GCC_WARN_UNUSED_VARIABLE = YES;
			};
			name = Release;
		};
/* End XCBuildConfiguration section */

/* Begin XCConfigurationList section */
		D521A9A6216D27BC00261BE3 /* Build configuration list for PBXNativeTarget "ArcanosRadio iOS" */ = {
			isa = XCConfigurationList;
			buildConfigurations = (
				D521A9A4216D27BC00261BE3 /* Debug */,
				D521A9A5216D27BC00261BE3 /* Release */,
			);
			defaultConfigurationIsVisible = 0;
			defaultConfigurationName = Release;
		};
		D521A9C7216D284400261BE3 /* Build configuration list for PBXNativeTarget "ArcanosRadio watchOS Extension" */ = {
			isa = XCConfigurationList;
			buildConfigurations = (
				D521A9C8216D284400261BE3 /* Debug */,
				D521A9C9216D284400261BE3 /* Release */,
			);
			defaultConfigurationIsVisible = 0;
			defaultConfigurationName = Release;
		};
		D521A9CB216D284400261BE3 /* Build configuration list for PBXNativeTarget "ArcanosRadio watchOS" */ = {
			isa = XCConfigurationList;
			buildConfigurations = (
				D521A9CC216D284400261BE3 /* Debug */,
				D521A9CD216D284400261BE3 /* Release */,
			);
			defaultConfigurationIsVisible = 0;
			defaultConfigurationName = Release;
		};
		D521A9DF216D287700261BE3 /* Build configuration list for PBXNativeTarget "ArcanosRadio tvOS" */ = {
			isa = XCConfigurationList;
			buildConfigurations = (
				D521A9E0216D287700261BE3 /* Debug */,
				D521A9E1216D287700261BE3 /* Release */,
			);
			defaultConfigurationIsVisible = 0;
			defaultConfigurationName = Release;
		};
		D5CDD332216D276E00BD36C4 /* Build configuration list for PBXProject "ArcanosRadio" */ = {
			isa = XCConfigurationList;
			buildConfigurations = (
				D5CDD333216D276E00BD36C4 /* Debug */,
				D5CDD334216D276E00BD36C4 /* Release */,
			);
			defaultConfigurationIsVisible = 0;
			defaultConfigurationName = Release;
		};
/* End XCConfigurationList section */
	};
	rootObject = D5CDD32F216D276E00BD36C4 /* Project object */;
}
