// !$*UTF8*$!
{
	archiveVersion = 1;
	classes = {
	};
	objectVersion = 50;
	objects = {

/* Begin PBXBuildFile section */
		2E52DE6F15317CC04AE20D6B /* Pods_Core_macOS.framework in Frameworks */ = {isa = PBXBuildFile; fileRef = 72057BA05828C3C452A6DD93 /* Pods_Core_macOS.framework */; };
		35149B7D6D7E1E9E05BDAE60 /* Pods_Core_iOS.framework in Frameworks */ = {isa = PBXBuildFile; fileRef = 2A9501EB0FC6E9BDE0B1C198 /* Pods_Core_iOS.framework */; };
		3EC8198A7D963C8DC903E3D4 /* Pods_Core_tvOS.framework in Frameworks */ = {isa = PBXBuildFile; fileRef = E93DBC2D13B2B6E8BE3F6D68 /* Pods_Core_tvOS.framework */; };
		D50A45D6216D2F930025BC1C /* Artist.swift in Sources */ = {isa = PBXBuildFile; fileRef = D50A45D5216D2F930025BC1C /* Artist.swift */; };
		D50A45D8216D2F9D0025BC1C /* Song.swift in Sources */ = {isa = PBXBuildFile; fileRef = D50A45D7216D2F9D0025BC1C /* Song.swift */; };
		D50A45DA216D2FAD0025BC1C /* Playlist.swift in Sources */ = {isa = PBXBuildFile; fileRef = D50A45D9216D2FAD0025BC1C /* Playlist.swift */; };
		D50A45DC216D307E0025BC1C /* MainState.swift in Sources */ = {isa = PBXBuildFile; fileRef = D50A45DB216D307E0025BC1C /* MainState.swift */; };
		D50A45DF216D31160025BC1C /* MainStore.swift in Sources */ = {isa = PBXBuildFile; fileRef = D50A45DE216D31160025BC1C /* MainStore.swift */; };
		D50A45E0216D31160025BC1C /* MainStore.swift in Sources */ = {isa = PBXBuildFile; fileRef = D50A45DE216D31160025BC1C /* MainStore.swift */; };
		D50A45E1216D31160025BC1C /* MainStore.swift in Sources */ = {isa = PBXBuildFile; fileRef = D50A45DE216D31160025BC1C /* MainStore.swift */; };
		D50A45E2216D31160025BC1C /* MainStore.swift in Sources */ = {isa = PBXBuildFile; fileRef = D50A45DE216D31160025BC1C /* MainStore.swift */; };
		D50A45E4216D316F0025BC1C /* Artist.swift in Sources */ = {isa = PBXBuildFile; fileRef = D50A45D5216D2F930025BC1C /* Artist.swift */; };
		D50A45E5216D316F0025BC1C /* Playlist.swift in Sources */ = {isa = PBXBuildFile; fileRef = D50A45D9216D2FAD0025BC1C /* Playlist.swift */; };
		D50A45E6216D316F0025BC1C /* Song.swift in Sources */ = {isa = PBXBuildFile; fileRef = D50A45D7216D2F9D0025BC1C /* Song.swift */; };
		D50A45E7216D31700025BC1C /* Artist.swift in Sources */ = {isa = PBXBuildFile; fileRef = D50A45D5216D2F930025BC1C /* Artist.swift */; };
		D50A45E8216D31700025BC1C /* Playlist.swift in Sources */ = {isa = PBXBuildFile; fileRef = D50A45D9216D2FAD0025BC1C /* Playlist.swift */; };
		D50A45E9216D31700025BC1C /* Song.swift in Sources */ = {isa = PBXBuildFile; fileRef = D50A45D7216D2F9D0025BC1C /* Song.swift */; };
		D50A45EA216D31710025BC1C /* Artist.swift in Sources */ = {isa = PBXBuildFile; fileRef = D50A45D5216D2F930025BC1C /* Artist.swift */; };
		D50A45EB216D31710025BC1C /* Playlist.swift in Sources */ = {isa = PBXBuildFile; fileRef = D50A45D9216D2FAD0025BC1C /* Playlist.swift */; };
		D50A45EC216D31710025BC1C /* Song.swift in Sources */ = {isa = PBXBuildFile; fileRef = D50A45D7216D2F9D0025BC1C /* Song.swift */; };
		D50A45ED216D31730025BC1C /* MainState.swift in Sources */ = {isa = PBXBuildFile; fileRef = D50A45DB216D307E0025BC1C /* MainState.swift */; };
		D50A45EE216D31740025BC1C /* MainState.swift in Sources */ = {isa = PBXBuildFile; fileRef = D50A45DB216D307E0025BC1C /* MainState.swift */; };
		D50A45EF216D31750025BC1C /* MainState.swift in Sources */ = {isa = PBXBuildFile; fileRef = D50A45DB216D307E0025BC1C /* MainState.swift */; };
		D50A45F1216D319B0025BC1C /* MainStateProvider.swift in Sources */ = {isa = PBXBuildFile; fileRef = D50A45F0216D319B0025BC1C /* MainStateProvider.swift */; };
		D50A45F2216D319B0025BC1C /* MainStateProvider.swift in Sources */ = {isa = PBXBuildFile; fileRef = D50A45F0216D319B0025BC1C /* MainStateProvider.swift */; };
		D50A45F3216D319B0025BC1C /* MainStateProvider.swift in Sources */ = {isa = PBXBuildFile; fileRef = D50A45F0216D319B0025BC1C /* MainStateProvider.swift */; };
		D50A45F4216D319B0025BC1C /* MainStateProvider.swift in Sources */ = {isa = PBXBuildFile; fileRef = D50A45F0216D319B0025BC1C /* MainStateProvider.swift */; };
		D50A45FF216D32F30025BC1C /* AppLifeCycleMiddleware.swift in Sources */ = {isa = PBXBuildFile; fileRef = D50A45FE216D32F30025BC1C /* AppLifeCycleMiddleware.swift */; };
		D50A4600216D32F30025BC1C /* AppLifeCycleMiddleware.swift in Sources */ = {isa = PBXBuildFile; fileRef = D50A45FE216D32F30025BC1C /* AppLifeCycleMiddleware.swift */; };
		D50A4601216D32F30025BC1C /* AppLifeCycleMiddleware.swift in Sources */ = {isa = PBXBuildFile; fileRef = D50A45FE216D32F30025BC1C /* AppLifeCycleMiddleware.swift */; };
		D50A4602216D32F30025BC1C /* AppLifeCycleMiddleware.swift in Sources */ = {isa = PBXBuildFile; fileRef = D50A45FE216D32F30025BC1C /* AppLifeCycleMiddleware.swift */; };
		D50A4604216D383E0025BC1C /* ResourceState.swift in Sources */ = {isa = PBXBuildFile; fileRef = D50A4603216D383E0025BC1C /* ResourceState.swift */; };
		D50A4605216D3A240025BC1C /* ResourceState.swift in Sources */ = {isa = PBXBuildFile; fileRef = D50A4603216D383E0025BC1C /* ResourceState.swift */; };
		D50A4606216D3A250025BC1C /* ResourceState.swift in Sources */ = {isa = PBXBuildFile; fileRef = D50A4603216D383E0025BC1C /* ResourceState.swift */; };
		D50A4607216D3A260025BC1C /* ResourceState.swift in Sources */ = {isa = PBXBuildFile; fileRef = D50A4603216D383E0025BC1C /* ResourceState.swift */; };
		D50A4609216D3BB10025BC1C /* AppLifeCycleEvent.swift in Sources */ = {isa = PBXBuildFile; fileRef = D50A4608216D3BB10025BC1C /* AppLifeCycleEvent.swift */; };
		D50A460A216D3BB10025BC1C /* AppLifeCycleEvent.swift in Sources */ = {isa = PBXBuildFile; fileRef = D50A4608216D3BB10025BC1C /* AppLifeCycleEvent.swift */; };
		D50A460B216D3BB10025BC1C /* AppLifeCycleEvent.swift in Sources */ = {isa = PBXBuildFile; fileRef = D50A4608216D3BB10025BC1C /* AppLifeCycleEvent.swift */; };
		D50A460C216D3BB10025BC1C /* AppLifeCycleEvent.swift in Sources */ = {isa = PBXBuildFile; fileRef = D50A4608216D3BB10025BC1C /* AppLifeCycleEvent.swift */; };
		D50A460E216D3FCF0025BC1C /* RouterMiddleware.swift in Sources */ = {isa = PBXBuildFile; fileRef = D50A460D216D3FCF0025BC1C /* RouterMiddleware.swift */; };
		D50A460F216D3FCF0025BC1C /* RouterMiddleware.swift in Sources */ = {isa = PBXBuildFile; fileRef = D50A460D216D3FCF0025BC1C /* RouterMiddleware.swift */; };
		D50A4610216D3FCF0025BC1C /* RouterMiddleware.swift in Sources */ = {isa = PBXBuildFile; fileRef = D50A460D216D3FCF0025BC1C /* RouterMiddleware.swift */; };
		D50A4611216D3FCF0025BC1C /* RouterMiddleware.swift in Sources */ = {isa = PBXBuildFile; fileRef = D50A460D216D3FCF0025BC1C /* RouterMiddleware.swift */; };
		D50A4613216D40A60025BC1C /* ParseMiddleware.swift in Sources */ = {isa = PBXBuildFile; fileRef = D50A4612216D40A60025BC1C /* ParseMiddleware.swift */; };
		D50A4614216D40A60025BC1C /* ParseMiddleware.swift in Sources */ = {isa = PBXBuildFile; fileRef = D50A4612216D40A60025BC1C /* ParseMiddleware.swift */; };
		D50A4615216D40A60025BC1C /* ParseMiddleware.swift in Sources */ = {isa = PBXBuildFile; fileRef = D50A4612216D40A60025BC1C /* ParseMiddleware.swift */; };
		D50A4616216D40A60025BC1C /* ParseMiddleware.swift in Sources */ = {isa = PBXBuildFile; fileRef = D50A4612216D40A60025BC1C /* ParseMiddleware.swift */; };
		D50A4618216D422D0025BC1C /* ParseService.swift in Sources */ = {isa = PBXBuildFile; fileRef = D50A4617216D422D0025BC1C /* ParseService.swift */; };
		D50A4619216D422D0025BC1C /* ParseService.swift in Sources */ = {isa = PBXBuildFile; fileRef = D50A4617216D422D0025BC1C /* ParseService.swift */; };
		D50A461A216D422D0025BC1C /* ParseService.swift in Sources */ = {isa = PBXBuildFile; fileRef = D50A4617216D422D0025BC1C /* ParseService.swift */; };
		D50A461B216D422D0025BC1C /* ParseService.swift in Sources */ = {isa = PBXBuildFile; fileRef = D50A4617216D422D0025BC1C /* ParseService.swift */; };
		D50A4623216D441A0025BC1C /* AppLifeCycleReducer.swift in Sources */ = {isa = PBXBuildFile; fileRef = D50A4622216D441A0025BC1C /* AppLifeCycleReducer.swift */; };
		D50A4624216D441A0025BC1C /* AppLifeCycleReducer.swift in Sources */ = {isa = PBXBuildFile; fileRef = D50A4622216D441A0025BC1C /* AppLifeCycleReducer.swift */; };
		D50A4625216D441A0025BC1C /* AppLifeCycleReducer.swift in Sources */ = {isa = PBXBuildFile; fileRef = D50A4622216D441A0025BC1C /* AppLifeCycleReducer.swift */; };
		D50A4626216D441A0025BC1C /* AppLifeCycleReducer.swift in Sources */ = {isa = PBXBuildFile; fileRef = D50A4622216D441A0025BC1C /* AppLifeCycleReducer.swift */; };
		D50A4628216D443B0025BC1C /* AppState.swift in Sources */ = {isa = PBXBuildFile; fileRef = D50A4627216D443B0025BC1C /* AppState.swift */; };
		D50A4629216D443B0025BC1C /* AppState.swift in Sources */ = {isa = PBXBuildFile; fileRef = D50A4627216D443B0025BC1C /* AppState.swift */; };
		D50A462A216D443B0025BC1C /* AppState.swift in Sources */ = {isa = PBXBuildFile; fileRef = D50A4627216D443B0025BC1C /* AppState.swift */; };
		D50A462B216D443B0025BC1C /* AppState.swift in Sources */ = {isa = PBXBuildFile; fileRef = D50A4627216D443B0025BC1C /* AppState.swift */; };
		D50A462D216D453F0025BC1C /* Transient.swift in Sources */ = {isa = PBXBuildFile; fileRef = D50A462C216D453F0025BC1C /* Transient.swift */; };
		D50A462E216D453F0025BC1C /* Transient.swift in Sources */ = {isa = PBXBuildFile; fileRef = D50A462C216D453F0025BC1C /* Transient.swift */; };
		D50A462F216D453F0025BC1C /* Transient.swift in Sources */ = {isa = PBXBuildFile; fileRef = D50A462C216D453F0025BC1C /* Transient.swift */; };
		D50A4630216D453F0025BC1C /* Transient.swift in Sources */ = {isa = PBXBuildFile; fileRef = D50A462C216D453F0025BC1C /* Transient.swift */; };
		D50A4632216D48B10025BC1C /* StreamingServer.swift in Sources */ = {isa = PBXBuildFile; fileRef = D50A4631216D48B10025BC1C /* StreamingServer.swift */; };
		D50A4633216D48B10025BC1C /* StreamingServer.swift in Sources */ = {isa = PBXBuildFile; fileRef = D50A4631216D48B10025BC1C /* StreamingServer.swift */; };
		D50A4634216D48B10025BC1C /* StreamingServer.swift in Sources */ = {isa = PBXBuildFile; fileRef = D50A4631216D48B10025BC1C /* StreamingServer.swift */; };
		D50A4635216D48B10025BC1C /* StreamingServer.swift in Sources */ = {isa = PBXBuildFile; fileRef = D50A4631216D48B10025BC1C /* StreamingServer.swift */; };
		D50A4637216D4C050025BC1C /* APIProgress.swift in Sources */ = {isa = PBXBuildFile; fileRef = D50A4636216D4C050025BC1C /* APIProgress.swift */; };
		D50A4638216D4C050025BC1C /* APIProgress.swift in Sources */ = {isa = PBXBuildFile; fileRef = D50A4636216D4C050025BC1C /* APIProgress.swift */; };
		D50A4639216D4C050025BC1C /* APIProgress.swift in Sources */ = {isa = PBXBuildFile; fileRef = D50A4636216D4C050025BC1C /* APIProgress.swift */; };
		D50A463A216D4C050025BC1C /* APIProgress.swift in Sources */ = {isa = PBXBuildFile; fileRef = D50A4636216D4C050025BC1C /* APIProgress.swift */; };
		D50A463C216D552C0025BC1C /* Parse.swift in Sources */ = {isa = PBXBuildFile; fileRef = D50A463B216D552C0025BC1C /* Parse.swift */; };
		D50A463D216D552C0025BC1C /* Parse.swift in Sources */ = {isa = PBXBuildFile; fileRef = D50A463B216D552C0025BC1C /* Parse.swift */; };
		D50A463E216D552C0025BC1C /* Parse.swift in Sources */ = {isa = PBXBuildFile; fileRef = D50A463B216D552C0025BC1C /* Parse.swift */; };
		D50A463F216D552C0025BC1C /* Parse.swift in Sources */ = {isa = PBXBuildFile; fileRef = D50A463B216D552C0025BC1C /* Parse.swift */; };
		D50A4641216E7F740025BC1C /* APIResponseReducer.swift in Sources */ = {isa = PBXBuildFile; fileRef = D50A4640216E7F740025BC1C /* APIResponseReducer.swift */; };
		D50A4642216E7F740025BC1C /* APIResponseReducer.swift in Sources */ = {isa = PBXBuildFile; fileRef = D50A4640216E7F740025BC1C /* APIResponseReducer.swift */; };
		D50A4643216E7F740025BC1C /* APIResponseReducer.swift in Sources */ = {isa = PBXBuildFile; fileRef = D50A4640216E7F740025BC1C /* APIResponseReducer.swift */; };
		D50A4644216E7F740025BC1C /* APIResponseReducer.swift in Sources */ = {isa = PBXBuildFile; fileRef = D50A4640216E7F740025BC1C /* APIResponseReducer.swift */; };
		D50A4646216E8F950025BC1C /* RefreshTimerEvent.swift in Sources */ = {isa = PBXBuildFile; fileRef = D50A4645216E8F950025BC1C /* RefreshTimerEvent.swift */; };
		D50A4647216E8F950025BC1C /* RefreshTimerEvent.swift in Sources */ = {isa = PBXBuildFile; fileRef = D50A4645216E8F950025BC1C /* RefreshTimerEvent.swift */; };
		D50A4648216E8F950025BC1C /* RefreshTimerEvent.swift in Sources */ = {isa = PBXBuildFile; fileRef = D50A4645216E8F950025BC1C /* RefreshTimerEvent.swift */; };
		D50A4649216E8F950025BC1C /* RefreshTimerEvent.swift in Sources */ = {isa = PBXBuildFile; fileRef = D50A4645216E8F950025BC1C /* RefreshTimerEvent.swift */; };
		D50A464B216E978F0025BC1C /* SongUpdaterMiddleware.swift in Sources */ = {isa = PBXBuildFile; fileRef = D50A464A216E978F0025BC1C /* SongUpdaterMiddleware.swift */; };
		D50A464C216E978F0025BC1C /* SongUpdaterMiddleware.swift in Sources */ = {isa = PBXBuildFile; fileRef = D50A464A216E978F0025BC1C /* SongUpdaterMiddleware.swift */; };
		D50A464D216E978F0025BC1C /* SongUpdaterMiddleware.swift in Sources */ = {isa = PBXBuildFile; fileRef = D50A464A216E978F0025BC1C /* SongUpdaterMiddleware.swift */; };
		D50A464E216E978F0025BC1C /* SongUpdaterMiddleware.swift in Sources */ = {isa = PBXBuildFile; fileRef = D50A464A216E978F0025BC1C /* SongUpdaterMiddleware.swift */; };
		D50A4650216EAE790025BC1C /* SongUpdaterAction.swift in Sources */ = {isa = PBXBuildFile; fileRef = D50A464F216EAE790025BC1C /* SongUpdaterAction.swift */; };
		D50A4651216EAE790025BC1C /* SongUpdaterAction.swift in Sources */ = {isa = PBXBuildFile; fileRef = D50A464F216EAE790025BC1C /* SongUpdaterAction.swift */; };
		D50A4652216EAE790025BC1C /* SongUpdaterAction.swift in Sources */ = {isa = PBXBuildFile; fileRef = D50A464F216EAE790025BC1C /* SongUpdaterAction.swift */; };
		D50A4653216EAE790025BC1C /* SongUpdaterAction.swift in Sources */ = {isa = PBXBuildFile; fileRef = D50A464F216EAE790025BC1C /* SongUpdaterAction.swift */; };
		D50A4655216EAF040025BC1C /* SongUpdaterReducer.swift in Sources */ = {isa = PBXBuildFile; fileRef = D50A4654216EAF040025BC1C /* SongUpdaterReducer.swift */; };
		D50A4656216EAF040025BC1C /* SongUpdaterReducer.swift in Sources */ = {isa = PBXBuildFile; fileRef = D50A4654216EAF040025BC1C /* SongUpdaterReducer.swift */; };
		D50A4657216EAF040025BC1C /* SongUpdaterReducer.swift in Sources */ = {isa = PBXBuildFile; fileRef = D50A4654216EAF040025BC1C /* SongUpdaterReducer.swift */; };
		D50A4658216EAF040025BC1C /* SongUpdaterReducer.swift in Sources */ = {isa = PBXBuildFile; fileRef = D50A4654216EAF040025BC1C /* SongUpdaterReducer.swift */; };
		D537257F2173925200C7400B /* UIKit+Extensions.swift in Sources */ = {isa = PBXBuildFile; fileRef = D537257E2173925200C7400B /* UIKit+Extensions.swift */; };
		D53725832173928000C7400B /* UIKit+Extensions.swift in Sources */ = {isa = PBXBuildFile; fileRef = D537257E2173925200C7400B /* UIKit+Extensions.swift */; };
		D57716E321720AEA005C1229 /* ErrorAction.swift in Sources */ = {isa = PBXBuildFile; fileRef = D57716E221720AEA005C1229 /* ErrorAction.swift */; };
		D57716E421720AEA005C1229 /* ErrorAction.swift in Sources */ = {isa = PBXBuildFile; fileRef = D57716E221720AEA005C1229 /* ErrorAction.swift */; };
		D57716E521720AEA005C1229 /* ErrorAction.swift in Sources */ = {isa = PBXBuildFile; fileRef = D57716E221720AEA005C1229 /* ErrorAction.swift */; };
		D57716E621720AEA005C1229 /* ErrorAction.swift in Sources */ = {isa = PBXBuildFile; fileRef = D57716E221720AEA005C1229 /* ErrorAction.swift */; };
		D57716E821720DD0005C1229 /* CatchErrorMiddleware.swift in Sources */ = {isa = PBXBuildFile; fileRef = D57716E721720DD0005C1229 /* CatchErrorMiddleware.swift */; };
		D57716E921720DD0005C1229 /* CatchErrorMiddleware.swift in Sources */ = {isa = PBXBuildFile; fileRef = D57716E721720DD0005C1229 /* CatchErrorMiddleware.swift */; };
		D57716EA21720DD0005C1229 /* CatchErrorMiddleware.swift in Sources */ = {isa = PBXBuildFile; fileRef = D57716E721720DD0005C1229 /* CatchErrorMiddleware.swift */; };
		D57716EB21720DD0005C1229 /* CatchErrorMiddleware.swift in Sources */ = {isa = PBXBuildFile; fileRef = D57716E721720DD0005C1229 /* CatchErrorMiddleware.swift */; };
		D57716ED217211E6005C1229 /* LoggerMiddleware.swift in Sources */ = {isa = PBXBuildFile; fileRef = D57716EC217211E6005C1229 /* LoggerMiddleware.swift */; };
		D57716EE217211E6005C1229 /* LoggerMiddleware.swift in Sources */ = {isa = PBXBuildFile; fileRef = D57716EC217211E6005C1229 /* LoggerMiddleware.swift */; };
		D57716EF217211E6005C1229 /* LoggerMiddleware.swift in Sources */ = {isa = PBXBuildFile; fileRef = D57716EC217211E6005C1229 /* LoggerMiddleware.swift */; };
		D57716F0217211E6005C1229 /* LoggerMiddleware.swift in Sources */ = {isa = PBXBuildFile; fileRef = D57716EC217211E6005C1229 /* LoggerMiddleware.swift */; };
		D59EF61A216D23F800C25F0A /* Core.h in Headers */ = {isa = PBXBuildFile; fileRef = D59EF618216D23F800C25F0A /* Core.h */; settings = {ATTRIBUTES = (Public, ); }; };
		D5CDD32B216D26A500BD36C4 /* Core.h in Headers */ = {isa = PBXBuildFile; fileRef = D59EF618216D23F800C25F0A /* Core.h */; settings = {ATTRIBUTES = (Public, ); }; };
		D5CDD32C216D26A600BD36C4 /* Core.h in Headers */ = {isa = PBXBuildFile; fileRef = D59EF618216D23F800C25F0A /* Core.h */; settings = {ATTRIBUTES = (Public, ); }; };
		D5CDD32D216D26A700BD36C4 /* Core.h in Headers */ = {isa = PBXBuildFile; fileRef = D59EF618216D23F800C25F0A /* Core.h */; settings = {ATTRIBUTES = (Public, ); }; };
		FB85AE1358A0DA1EE69E8B0D /* Pods_Core_watchOS.framework in Frameworks */ = {isa = PBXBuildFile; fileRef = 7707400BC8C8FA2EBCD7CFD6 /* Pods_Core_watchOS.framework */; };
/* End PBXBuildFile section */

/* Begin PBXFileReference section */
		169CC66174D8E54FB370942D /* Pods-Core macOS.debug.xcconfig */ = {isa = PBXFileReference; includeInIndex = 1; lastKnownFileType = text.xcconfig; name = "Pods-Core macOS.debug.xcconfig"; path = "Target Support Files/Pods-Core macOS/Pods-Core macOS.debug.xcconfig"; sourceTree = "<group>"; };
		1E1D91E298EC8EB427F0F7CD /* Pods-Core macOS.release.xcconfig */ = {isa = PBXFileReference; includeInIndex = 1; lastKnownFileType = text.xcconfig; name = "Pods-Core macOS.release.xcconfig"; path = "Target Support Files/Pods-Core macOS/Pods-Core macOS.release.xcconfig"; sourceTree = "<group>"; };
		2A9501EB0FC6E9BDE0B1C198 /* Pods_Core_iOS.framework */ = {isa = PBXFileReference; explicitFileType = wrapper.framework; includeInIndex = 0; path = Pods_Core_iOS.framework; sourceTree = BUILT_PRODUCTS_DIR; };
		3746C3CFF5405334D8CD88F2 /* Pods-Core tvOS.release.xcconfig */ = {isa = PBXFileReference; includeInIndex = 1; lastKnownFileType = text.xcconfig; name = "Pods-Core tvOS.release.xcconfig"; path = "Target Support Files/Pods-Core tvOS/Pods-Core tvOS.release.xcconfig"; sourceTree = "<group>"; };
		72057BA05828C3C452A6DD93 /* Pods_Core_macOS.framework */ = {isa = PBXFileReference; explicitFileType = wrapper.framework; includeInIndex = 0; path = Pods_Core_macOS.framework; sourceTree = BUILT_PRODUCTS_DIR; };
		7707400BC8C8FA2EBCD7CFD6 /* Pods_Core_watchOS.framework */ = {isa = PBXFileReference; explicitFileType = wrapper.framework; includeInIndex = 0; path = Pods_Core_watchOS.framework; sourceTree = BUILT_PRODUCTS_DIR; };
		880927043EF9282E1EE07A6C /* Pods-Core iOS.debug.xcconfig */ = {isa = PBXFileReference; includeInIndex = 1; lastKnownFileType = text.xcconfig; name = "Pods-Core iOS.debug.xcconfig"; path = "Target Support Files/Pods-Core iOS/Pods-Core iOS.debug.xcconfig"; sourceTree = "<group>"; };
		B8EDF74F03E6A849C19A42E4 /* Pods-Core watchOS.release.xcconfig */ = {isa = PBXFileReference; includeInIndex = 1; lastKnownFileType = text.xcconfig; name = "Pods-Core watchOS.release.xcconfig"; path = "Target Support Files/Pods-Core watchOS/Pods-Core watchOS.release.xcconfig"; sourceTree = "<group>"; };
		D50A45D5216D2F930025BC1C /* Artist.swift */ = {isa = PBXFileReference; lastKnownFileType = sourcecode.swift; path = Artist.swift; sourceTree = "<group>"; };
		D50A45D7216D2F9D0025BC1C /* Song.swift */ = {isa = PBXFileReference; lastKnownFileType = sourcecode.swift; path = Song.swift; sourceTree = "<group>"; };
		D50A45D9216D2FAD0025BC1C /* Playlist.swift */ = {isa = PBXFileReference; lastKnownFileType = sourcecode.swift; path = Playlist.swift; sourceTree = "<group>"; };
		D50A45DB216D307E0025BC1C /* MainState.swift */ = {isa = PBXFileReference; lastKnownFileType = sourcecode.swift; path = MainState.swift; sourceTree = "<group>"; };
		D50A45DE216D31160025BC1C /* MainStore.swift */ = {isa = PBXFileReference; lastKnownFileType = sourcecode.swift; path = MainStore.swift; sourceTree = "<group>"; };
		D50A45F0216D319B0025BC1C /* MainStateProvider.swift */ = {isa = PBXFileReference; lastKnownFileType = sourcecode.swift; path = MainStateProvider.swift; sourceTree = "<group>"; };
		D50A45FE216D32F30025BC1C /* AppLifeCycleMiddleware.swift */ = {isa = PBXFileReference; lastKnownFileType = sourcecode.swift; path = AppLifeCycleMiddleware.swift; sourceTree = "<group>"; };
		D50A4603216D383E0025BC1C /* ResourceState.swift */ = {isa = PBXFileReference; lastKnownFileType = sourcecode.swift; path = ResourceState.swift; sourceTree = "<group>"; };
		D50A4608216D3BB10025BC1C /* AppLifeCycleEvent.swift */ = {isa = PBXFileReference; lastKnownFileType = sourcecode.swift; path = AppLifeCycleEvent.swift; sourceTree = "<group>"; };
		D50A460D216D3FCF0025BC1C /* RouterMiddleware.swift */ = {isa = PBXFileReference; lastKnownFileType = sourcecode.swift; path = RouterMiddleware.swift; sourceTree = "<group>"; };
		D50A4612216D40A60025BC1C /* ParseMiddleware.swift */ = {isa = PBXFileReference; lastKnownFileType = sourcecode.swift; path = ParseMiddleware.swift; sourceTree = "<group>"; };
		D50A4617216D422D0025BC1C /* ParseService.swift */ = {isa = PBXFileReference; lastKnownFileType = sourcecode.swift; path = ParseService.swift; sourceTree = "<group>"; };
		D50A4622216D441A0025BC1C /* AppLifeCycleReducer.swift */ = {isa = PBXFileReference; lastKnownFileType = sourcecode.swift; path = AppLifeCycleReducer.swift; sourceTree = "<group>"; };
		D50A4627216D443B0025BC1C /* AppState.swift */ = {isa = PBXFileReference; lastKnownFileType = sourcecode.swift; path = AppState.swift; sourceTree = "<group>"; };
		D50A462C216D453F0025BC1C /* Transient.swift */ = {isa = PBXFileReference; lastKnownFileType = sourcecode.swift; path = Transient.swift; sourceTree = "<group>"; };
		D50A4631216D48B10025BC1C /* StreamingServer.swift */ = {isa = PBXFileReference; lastKnownFileType = sourcecode.swift; path = StreamingServer.swift; sourceTree = "<group>"; };
		D50A4636216D4C050025BC1C /* APIProgress.swift */ = {isa = PBXFileReference; lastKnownFileType = sourcecode.swift; path = APIProgress.swift; sourceTree = "<group>"; };
		D50A463B216D552C0025BC1C /* Parse.swift */ = {isa = PBXFileReference; lastKnownFileType = sourcecode.swift; path = Parse.swift; sourceTree = "<group>"; };
		D50A4640216E7F740025BC1C /* APIResponseReducer.swift */ = {isa = PBXFileReference; lastKnownFileType = sourcecode.swift; path = APIResponseReducer.swift; sourceTree = "<group>"; };
		D50A4645216E8F950025BC1C /* RefreshTimerEvent.swift */ = {isa = PBXFileReference; lastKnownFileType = sourcecode.swift; path = RefreshTimerEvent.swift; sourceTree = "<group>"; };
		D50A464A216E978F0025BC1C /* SongUpdaterMiddleware.swift */ = {isa = PBXFileReference; lastKnownFileType = sourcecode.swift; path = SongUpdaterMiddleware.swift; sourceTree = "<group>"; };
		D50A464F216EAE790025BC1C /* SongUpdaterAction.swift */ = {isa = PBXFileReference; lastKnownFileType = sourcecode.swift; path = SongUpdaterAction.swift; sourceTree = "<group>"; };
		D50A4654216EAF040025BC1C /* SongUpdaterReducer.swift */ = {isa = PBXFileReference; lastKnownFileType = sourcecode.swift; path = SongUpdaterReducer.swift; sourceTree = "<group>"; };
		D537257E2173925200C7400B /* UIKit+Extensions.swift */ = {isa = PBXFileReference; lastKnownFileType = sourcecode.swift; path = "UIKit+Extensions.swift"; sourceTree = "<group>"; };
		D57716E221720AEA005C1229 /* ErrorAction.swift */ = {isa = PBXFileReference; lastKnownFileType = sourcecode.swift; path = ErrorAction.swift; sourceTree = "<group>"; };
		D57716E721720DD0005C1229 /* CatchErrorMiddleware.swift */ = {isa = PBXFileReference; lastKnownFileType = sourcecode.swift; path = CatchErrorMiddleware.swift; sourceTree = "<group>"; };
		D57716EC217211E6005C1229 /* LoggerMiddleware.swift */ = {isa = PBXFileReference; lastKnownFileType = sourcecode.swift; path = LoggerMiddleware.swift; sourceTree = "<group>"; };
		D59EF615216D23F800C25F0A /* Core.framework */ = {isa = PBXFileReference; explicitFileType = wrapper.framework; includeInIndex = 0; path = Core.framework; sourceTree = BUILT_PRODUCTS_DIR; };
		D59EF618216D23F800C25F0A /* Core.h */ = {isa = PBXFileReference; lastKnownFileType = sourcecode.c.h; path = Core.h; sourceTree = "<group>"; };
		D59EF619216D23F800C25F0A /* Info-iOS.plist */ = {isa = PBXFileReference; lastKnownFileType = text.plist.xml; path = "Info-iOS.plist"; sourceTree = "<group>"; };
		D59EF625216D242C00C25F0A /* Core.framework */ = {isa = PBXFileReference; explicitFileType = wrapper.framework; includeInIndex = 0; path = Core.framework; sourceTree = BUILT_PRODUCTS_DIR; };
		D59EF628216D242C00C25F0A /* Info-watchOS.plist */ = {isa = PBXFileReference; lastKnownFileType = text.plist.xml; path = "Info-watchOS.plist"; sourceTree = "<group>"; };
		D59EF632216D246500C25F0A /* Core.framework */ = {isa = PBXFileReference; explicitFileType = wrapper.framework; includeInIndex = 0; path = Core.framework; sourceTree = BUILT_PRODUCTS_DIR; };
		D59EF635216D246500C25F0A /* Info-tvOS.plist */ = {isa = PBXFileReference; lastKnownFileType = text.plist.xml; path = "Info-tvOS.plist"; sourceTree = "<group>"; };
		D59EF63F216D248300C25F0A /* Core.framework */ = {isa = PBXFileReference; explicitFileType = wrapper.framework; includeInIndex = 0; path = Core.framework; sourceTree = BUILT_PRODUCTS_DIR; };
		D59EF642216D248300C25F0A /* Info-macOS.plist */ = {isa = PBXFileReference; lastKnownFileType = text.plist.xml; path = "Info-macOS.plist"; sourceTree = "<group>"; };
		D8BD29EDC070D04BC602FCDB /* Pods-Core watchOS.debug.xcconfig */ = {isa = PBXFileReference; includeInIndex = 1; lastKnownFileType = text.xcconfig; name = "Pods-Core watchOS.debug.xcconfig"; path = "Target Support Files/Pods-Core watchOS/Pods-Core watchOS.debug.xcconfig"; sourceTree = "<group>"; };
		E93DBC2D13B2B6E8BE3F6D68 /* Pods_Core_tvOS.framework */ = {isa = PBXFileReference; explicitFileType = wrapper.framework; includeInIndex = 0; path = Pods_Core_tvOS.framework; sourceTree = BUILT_PRODUCTS_DIR; };
		F3EB95A34FA8028502F7CFC3 /* Pods-Core tvOS.debug.xcconfig */ = {isa = PBXFileReference; includeInIndex = 1; lastKnownFileType = text.xcconfig; name = "Pods-Core tvOS.debug.xcconfig"; path = "Target Support Files/Pods-Core tvOS/Pods-Core tvOS.debug.xcconfig"; sourceTree = "<group>"; };
		F67F5BF90199FA74CB51A39A /* Pods-Core iOS.release.xcconfig */ = {isa = PBXFileReference; includeInIndex = 1; lastKnownFileType = text.xcconfig; name = "Pods-Core iOS.release.xcconfig"; path = "Target Support Files/Pods-Core iOS/Pods-Core iOS.release.xcconfig"; sourceTree = "<group>"; };
/* End PBXFileReference section */

/* Begin PBXFrameworksBuildPhase section */
		D59EF612216D23F800C25F0A /* Frameworks */ = {
			isa = PBXFrameworksBuildPhase;
			buildActionMask = 2147483647;
			files = (
				35149B7D6D7E1E9E05BDAE60 /* Pods_Core_iOS.framework in Frameworks */,
			);
			runOnlyForDeploymentPostprocessing = 0;
		};
		D59EF622216D242C00C25F0A /* Frameworks */ = {
			isa = PBXFrameworksBuildPhase;
			buildActionMask = 2147483647;
			files = (
				FB85AE1358A0DA1EE69E8B0D /* Pods_Core_watchOS.framework in Frameworks */,
			);
			runOnlyForDeploymentPostprocessing = 0;
		};
		D59EF62F216D246500C25F0A /* Frameworks */ = {
			isa = PBXFrameworksBuildPhase;
			buildActionMask = 2147483647;
			files = (
				3EC8198A7D963C8DC903E3D4 /* Pods_Core_tvOS.framework in Frameworks */,
			);
			runOnlyForDeploymentPostprocessing = 0;
		};
		D59EF63C216D248300C25F0A /* Frameworks */ = {
			isa = PBXFrameworksBuildPhase;
			buildActionMask = 2147483647;
			files = (
				2E52DE6F15317CC04AE20D6B /* Pods_Core_macOS.framework in Frameworks */,
			);
			runOnlyForDeploymentPostprocessing = 0;
		};
/* End PBXFrameworksBuildPhase section */

/* Begin PBXGroup section */
		064E59619041EE10291B737D /* Frameworks */ = {
			isa = PBXGroup;
			children = (
				2A9501EB0FC6E9BDE0B1C198 /* Pods_Core_iOS.framework */,
				72057BA05828C3C452A6DD93 /* Pods_Core_macOS.framework */,
				E93DBC2D13B2B6E8BE3F6D68 /* Pods_Core_tvOS.framework */,
				7707400BC8C8FA2EBCD7CFD6 /* Pods_Core_watchOS.framework */,
			);
			name = Frameworks;
			sourceTree = "<group>";
		};
		1AB913179001F5AE1055FFF7 /* Pods */ = {
			isa = PBXGroup;
			children = (
				880927043EF9282E1EE07A6C /* Pods-Core iOS.debug.xcconfig */,
				F67F5BF90199FA74CB51A39A /* Pods-Core iOS.release.xcconfig */,
				169CC66174D8E54FB370942D /* Pods-Core macOS.debug.xcconfig */,
				1E1D91E298EC8EB427F0F7CD /* Pods-Core macOS.release.xcconfig */,
				F3EB95A34FA8028502F7CFC3 /* Pods-Core tvOS.debug.xcconfig */,
				3746C3CFF5405334D8CD88F2 /* Pods-Core tvOS.release.xcconfig */,
				D8BD29EDC070D04BC602FCDB /* Pods-Core watchOS.debug.xcconfig */,
				B8EDF74F03E6A849C19A42E4 /* Pods-Core watchOS.release.xcconfig */,
			);
			name = Pods;
			path = ../Pods;
			sourceTree = "<group>";
		};
		D50A45D4216D2F7F0025BC1C /* Model */ = {
			isa = PBXGroup;
			children = (
				D50A45E3216D31340025BC1C /* State */,
				D50A45D5216D2F930025BC1C /* Artist.swift */,
				D50A463B216D552C0025BC1C /* Parse.swift */,
				D50A45D9216D2FAD0025BC1C /* Playlist.swift */,
				D50A4603216D383E0025BC1C /* ResourceState.swift */,
				D50A45D7216D2F9D0025BC1C /* Song.swift */,
				D50A4631216D48B10025BC1C /* StreamingServer.swift */,
			);
			path = Model;
			sourceTree = "<group>";
		};
		D50A45DD216D30FC0025BC1C /* Store */ = {
			isa = PBXGroup;
			children = (
				D50A45F0216D319B0025BC1C /* MainStateProvider.swift */,
				D50A45DE216D31160025BC1C /* MainStore.swift */,
			);
			path = Store;
			sourceTree = "<group>";
		};
		D50A45E3216D31340025BC1C /* State */ = {
			isa = PBXGroup;
			children = (
				D50A4627216D443B0025BC1C /* AppState.swift */,
				D50A45DB216D307E0025BC1C /* MainState.swift */,
			);
			path = State;
			sourceTree = "<group>";
		};
		D50A45F5216D31F00025BC1C /* Message */ = {
			isa = PBXGroup;
			children = (
				D50A45F6216D32160025BC1C /* Action */,
				D50A45F7216D321B0025BC1C /* Event */,
			);
			path = Message;
			sourceTree = "<group>";
		};
		D50A45F6216D32160025BC1C /* Action */ = {
			isa = PBXGroup;
			children = (
				D50A4636216D4C050025BC1C /* APIProgress.swift */,
				D57716E221720AEA005C1229 /* ErrorAction.swift */,
				D50A464F216EAE790025BC1C /* SongUpdaterAction.swift */,
			);
			path = Action;
			sourceTree = "<group>";
		};
		D50A45F7216D321B0025BC1C /* Event */ = {
			isa = PBXGroup;
			children = (
				D50A4608216D3BB10025BC1C /* AppLifeCycleEvent.swift */,
				D50A4645216E8F950025BC1C /* RefreshTimerEvent.swift */,
			);
			path = Event;
			sourceTree = "<group>";
		};
		D50A45F8216D32A30025BC1C /* Middleware */ = {
			isa = PBXGroup;
			children = (
				D50A45FE216D32F30025BC1C /* AppLifeCycleMiddleware.swift */,
				D57716E721720DD0005C1229 /* CatchErrorMiddleware.swift */,
				D57716EC217211E6005C1229 /* LoggerMiddleware.swift */,
				D50A4612216D40A60025BC1C /* ParseMiddleware.swift */,
				D50A4617216D422D0025BC1C /* ParseService.swift */,
				D50A460D216D3FCF0025BC1C /* RouterMiddleware.swift */,
				D50A464A216E978F0025BC1C /* SongUpdaterMiddleware.swift */,
			);
			path = Middleware;
			sourceTree = "<group>";
		};
		D50A461C216D43CB0025BC1C /* Reducer */ = {
			isa = PBXGroup;
			children = (
				D50A4640216E7F740025BC1C /* APIResponseReducer.swift */,
				D50A4622216D441A0025BC1C /* AppLifeCycleReducer.swift */,
				D50A4654216EAF040025BC1C /* SongUpdaterReducer.swift */,
			);
			path = Reducer;
			sourceTree = "<group>";
		};
		D537257D2173923100C7400B /* Foundation */ = {
			isa = PBXGroup;
			children = (
				D50A462C216D453F0025BC1C /* Transient.swift */,
				D537257E2173925200C7400B /* UIKit+Extensions.swift */,
			);
			path = Foundation;
			sourceTree = "<group>";
		};
		D59EF60B216D23F800C25F0A = {
			isa = PBXGroup;
			children = (
				D5CDD32A216D25D400BD36C4 /* Sources */,
				D59EF616216D23F800C25F0A /* Products */,
				1AB913179001F5AE1055FFF7 /* Pods */,
				064E59619041EE10291B737D /* Frameworks */,
			);
			sourceTree = "<group>";
		};
		D59EF616216D23F800C25F0A /* Products */ = {
			isa = PBXGroup;
			children = (
				D59EF615216D23F800C25F0A /* Core.framework */,
				D59EF625216D242C00C25F0A /* Core.framework */,
				D59EF632216D246500C25F0A /* Core.framework */,
				D59EF63F216D248300C25F0A /* Core.framework */,
			);
			name = Products;
			sourceTree = "<group>";
		};
		D5CDD32A216D25D400BD36C4 /* Sources */ = {
			isa = PBXGroup;
			children = (
				D537257D2173923100C7400B /* Foundation */,
				D50A45F5216D31F00025BC1C /* Message */,
				D50A45F8216D32A30025BC1C /* Middleware */,
				D50A45D4216D2F7F0025BC1C /* Model */,
				D50A461C216D43CB0025BC1C /* Reducer */,
				D50A45DD216D30FC0025BC1C /* Store */,
				D59EF618216D23F800C25F0A /* Core.h */,
				D59EF619216D23F800C25F0A /* Info-iOS.plist */,
				D59EF628216D242C00C25F0A /* Info-watchOS.plist */,
				D59EF635216D246500C25F0A /* Info-tvOS.plist */,
				D59EF642216D248300C25F0A /* Info-macOS.plist */,
			);
			path = Sources;
			sourceTree = "<group>";
		};
/* End PBXGroup section */

/* Begin PBXHeadersBuildPhase section */
		D59EF610216D23F800C25F0A /* Headers */ = {
			isa = PBXHeadersBuildPhase;
			buildActionMask = 2147483647;
			files = (
				D59EF61A216D23F800C25F0A /* Core.h in Headers */,
			);
			runOnlyForDeploymentPostprocessing = 0;
		};
		D59EF620216D242C00C25F0A /* Headers */ = {
			isa = PBXHeadersBuildPhase;
			buildActionMask = 2147483647;
			files = (
				D5CDD32B216D26A500BD36C4 /* Core.h in Headers */,
			);
			runOnlyForDeploymentPostprocessing = 0;
		};
		D59EF62D216D246500C25F0A /* Headers */ = {
			isa = PBXHeadersBuildPhase;
			buildActionMask = 2147483647;
			files = (
				D5CDD32C216D26A600BD36C4 /* Core.h in Headers */,
			);
			runOnlyForDeploymentPostprocessing = 0;
		};
		D59EF63A216D248300C25F0A /* Headers */ = {
			isa = PBXHeadersBuildPhase;
			buildActionMask = 2147483647;
			files = (
				D5CDD32D216D26A700BD36C4 /* Core.h in Headers */,
			);
			runOnlyForDeploymentPostprocessing = 0;
		};
/* End PBXHeadersBuildPhase section */

/* Begin PBXNativeTarget section */
		D59EF614216D23F800C25F0A /* Core iOS */ = {
			isa = PBXNativeTarget;
			buildConfigurationList = D59EF61D216D23F800C25F0A /* Build configuration list for PBXNativeTarget "Core iOS" */;
			buildPhases = (
				37957FEBD9FB4F266802CD6D /* [CP] Check Pods Manifest.lock */,
				D59EF610216D23F800C25F0A /* Headers */,
				D59EF611216D23F800C25F0A /* Sources */,
				D59EF612216D23F800C25F0A /* Frameworks */,
				D59EF613216D23F800C25F0A /* Resources */,
			);
			buildRules = (
			);
			dependencies = (
			);
			name = "Core iOS";
			productName = "Core iOS";
			productReference = D59EF615216D23F800C25F0A /* Core.framework */;
			productType = "com.apple.product-type.framework";
		};
		D59EF624216D242C00C25F0A /* Core watchOS */ = {
			isa = PBXNativeTarget;
			buildConfigurationList = D59EF62A216D242C00C25F0A /* Build configuration list for PBXNativeTarget "Core watchOS" */;
			buildPhases = (
				4582C2C4BE6DA3C327A13286 /* [CP] Check Pods Manifest.lock */,
				D59EF620216D242C00C25F0A /* Headers */,
				D59EF621216D242C00C25F0A /* Sources */,
				D59EF622216D242C00C25F0A /* Frameworks */,
				D59EF623216D242C00C25F0A /* Resources */,
			);
			buildRules = (
			);
			dependencies = (
			);
			name = "Core watchOS";
			productName = "Core watchOS";
			productReference = D59EF625216D242C00C25F0A /* Core.framework */;
			productType = "com.apple.product-type.framework";
		};
		D59EF631216D246500C25F0A /* Core tvOS */ = {
			isa = PBXNativeTarget;
			buildConfigurationList = D59EF637216D246500C25F0A /* Build configuration list for PBXNativeTarget "Core tvOS" */;
			buildPhases = (
				1B7A11FD9A93005841E99325 /* [CP] Check Pods Manifest.lock */,
				D59EF62D216D246500C25F0A /* Headers */,
				D59EF62E216D246500C25F0A /* Sources */,
				D59EF62F216D246500C25F0A /* Frameworks */,
				D59EF630216D246500C25F0A /* Resources */,
			);
			buildRules = (
			);
			dependencies = (
			);
			name = "Core tvOS";
			productName = "Core tvOS";
			productReference = D59EF632216D246500C25F0A /* Core.framework */;
			productType = "com.apple.product-type.framework";
		};
		D59EF63E216D248300C25F0A /* Core macOS */ = {
			isa = PBXNativeTarget;
			buildConfigurationList = D59EF644216D248300C25F0A /* Build configuration list for PBXNativeTarget "Core macOS" */;
			buildPhases = (
				C61AD5340AE7BEBFB7BE95B5 /* [CP] Check Pods Manifest.lock */,
				D59EF63A216D248300C25F0A /* Headers */,
				D59EF63B216D248300C25F0A /* Sources */,
				D59EF63C216D248300C25F0A /* Frameworks */,
				D59EF63D216D248300C25F0A /* Resources */,
			);
			buildRules = (
			);
			dependencies = (
			);
			name = "Core macOS";
			productName = "Core macOS";
			productReference = D59EF63F216D248300C25F0A /* Core.framework */;
			productType = "com.apple.product-type.framework";
		};
/* End PBXNativeTarget section */

/* Begin PBXProject section */
		D59EF60C216D23F800C25F0A /* Project object */ = {
			isa = PBXProject;
			attributes = {
				LastUpgradeCheck = 1000;
				ORGANIZATIONNAME = "Luiz Rodrigo Martins Barbosa";
				TargetAttributes = {
					D59EF614216D23F800C25F0A = {
						CreatedOnToolsVersion = 10.0;
						LastSwiftMigration = 1000;
					};
					D59EF624216D242C00C25F0A = {
						CreatedOnToolsVersion = 10.0;
						LastSwiftMigration = 1000;
					};
					D59EF631216D246500C25F0A = {
						CreatedOnToolsVersion = 10.0;
						LastSwiftMigration = 1000;
					};
					D59EF63E216D248300C25F0A = {
						CreatedOnToolsVersion = 10.0;
						LastSwiftMigration = 1000;
					};
				};
			};
			buildConfigurationList = D59EF60F216D23F800C25F0A /* Build configuration list for PBXProject "Core" */;
			compatibilityVersion = "Xcode 9.3";
			developmentRegion = en;
			hasScannedForEncodings = 0;
			knownRegions = (
				en,
			);
			mainGroup = D59EF60B216D23F800C25F0A;
			productRefGroup = D59EF616216D23F800C25F0A /* Products */;
			projectDirPath = "";
			projectRoot = "";
			targets = (
				D59EF614216D23F800C25F0A /* Core iOS */,
				D59EF624216D242C00C25F0A /* Core watchOS */,
				D59EF631216D246500C25F0A /* Core tvOS */,
				D59EF63E216D248300C25F0A /* Core macOS */,
			);
		};
/* End PBXProject section */

/* Begin PBXResourcesBuildPhase section */
		D59EF613216D23F800C25F0A /* Resources */ = {
			isa = PBXResourcesBuildPhase;
			buildActionMask = 2147483647;
			files = (
			);
			runOnlyForDeploymentPostprocessing = 0;
		};
		D59EF623216D242C00C25F0A /* Resources */ = {
			isa = PBXResourcesBuildPhase;
			buildActionMask = 2147483647;
			files = (
			);
			runOnlyForDeploymentPostprocessing = 0;
		};
		D59EF630216D246500C25F0A /* Resources */ = {
			isa = PBXResourcesBuildPhase;
			buildActionMask = 2147483647;
			files = (
			);
			runOnlyForDeploymentPostprocessing = 0;
		};
		D59EF63D216D248300C25F0A /* Resources */ = {
			isa = PBXResourcesBuildPhase;
			buildActionMask = 2147483647;
			files = (
			);
			runOnlyForDeploymentPostprocessing = 0;
		};
/* End PBXResourcesBuildPhase section */

/* Begin PBXShellScriptBuildPhase section */
		1B7A11FD9A93005841E99325 /* [CP] Check Pods Manifest.lock */ = {
			isa = PBXShellScriptBuildPhase;
			buildActionMask = 2147483647;
			files = (
			);
			inputFileListPaths = (
			);
			inputPaths = (
				"${PODS_PODFILE_DIR_PATH}/Podfile.lock",
				"${PODS_ROOT}/Manifest.lock",
			);
			name = "[CP] Check Pods Manifest.lock";
			outputFileListPaths = (
			);
			outputPaths = (
				"$(DERIVED_FILE_DIR)/Pods-Core tvOS-checkManifestLockResult.txt",
			);
			runOnlyForDeploymentPostprocessing = 0;
			shellPath = /bin/sh;
			shellScript = "diff \"${PODS_PODFILE_DIR_PATH}/Podfile.lock\" \"${PODS_ROOT}/Manifest.lock\" > /dev/null\nif [ $? != 0 ] ; then\n    # print error to STDERR\n    echo \"error: The sandbox is not in sync with the Podfile.lock. Run 'pod install' or update your CocoaPods installation.\" >&2\n    exit 1\nfi\n# This output is used by Xcode 'outputs' to avoid re-running this script phase.\necho \"SUCCESS\" > \"${SCRIPT_OUTPUT_FILE_0}\"\n";
			showEnvVarsInLog = 0;
		};
		37957FEBD9FB4F266802CD6D /* [CP] Check Pods Manifest.lock */ = {
			isa = PBXShellScriptBuildPhase;
			buildActionMask = 2147483647;
			files = (
			);
			inputFileListPaths = (
			);
			inputPaths = (
				"${PODS_PODFILE_DIR_PATH}/Podfile.lock",
				"${PODS_ROOT}/Manifest.lock",
			);
			name = "[CP] Check Pods Manifest.lock";
			outputFileListPaths = (
			);
			outputPaths = (
				"$(DERIVED_FILE_DIR)/Pods-Core iOS-checkManifestLockResult.txt",
			);
			runOnlyForDeploymentPostprocessing = 0;
			shellPath = /bin/sh;
			shellScript = "diff \"${PODS_PODFILE_DIR_PATH}/Podfile.lock\" \"${PODS_ROOT}/Manifest.lock\" > /dev/null\nif [ $? != 0 ] ; then\n    # print error to STDERR\n    echo \"error: The sandbox is not in sync with the Podfile.lock. Run 'pod install' or update your CocoaPods installation.\" >&2\n    exit 1\nfi\n# This output is used by Xcode 'outputs' to avoid re-running this script phase.\necho \"SUCCESS\" > \"${SCRIPT_OUTPUT_FILE_0}\"\n";
			showEnvVarsInLog = 0;
		};
		4582C2C4BE6DA3C327A13286 /* [CP] Check Pods Manifest.lock */ = {
			isa = PBXShellScriptBuildPhase;
			buildActionMask = 2147483647;
			files = (
			);
			inputFileListPaths = (
			);
			inputPaths = (
				"${PODS_PODFILE_DIR_PATH}/Podfile.lock",
				"${PODS_ROOT}/Manifest.lock",
			);
			name = "[CP] Check Pods Manifest.lock";
			outputFileListPaths = (
			);
			outputPaths = (
				"$(DERIVED_FILE_DIR)/Pods-Core watchOS-checkManifestLockResult.txt",
			);
			runOnlyForDeploymentPostprocessing = 0;
			shellPath = /bin/sh;
			shellScript = "diff \"${PODS_PODFILE_DIR_PATH}/Podfile.lock\" \"${PODS_ROOT}/Manifest.lock\" > /dev/null\nif [ $? != 0 ] ; then\n    # print error to STDERR\n    echo \"error: The sandbox is not in sync with the Podfile.lock. Run 'pod install' or update your CocoaPods installation.\" >&2\n    exit 1\nfi\n# This output is used by Xcode 'outputs' to avoid re-running this script phase.\necho \"SUCCESS\" > \"${SCRIPT_OUTPUT_FILE_0}\"\n";
			showEnvVarsInLog = 0;
		};
		C61AD5340AE7BEBFB7BE95B5 /* [CP] Check Pods Manifest.lock */ = {
			isa = PBXShellScriptBuildPhase;
			buildActionMask = 2147483647;
			files = (
			);
			inputFileListPaths = (
			);
			inputPaths = (
				"${PODS_PODFILE_DIR_PATH}/Podfile.lock",
				"${PODS_ROOT}/Manifest.lock",
			);
			name = "[CP] Check Pods Manifest.lock";
			outputFileListPaths = (
			);
			outputPaths = (
				"$(DERIVED_FILE_DIR)/Pods-Core macOS-checkManifestLockResult.txt",
			);
			runOnlyForDeploymentPostprocessing = 0;
			shellPath = /bin/sh;
			shellScript = "diff \"${PODS_PODFILE_DIR_PATH}/Podfile.lock\" \"${PODS_ROOT}/Manifest.lock\" > /dev/null\nif [ $? != 0 ] ; then\n    # print error to STDERR\n    echo \"error: The sandbox is not in sync with the Podfile.lock. Run 'pod install' or update your CocoaPods installation.\" >&2\n    exit 1\nfi\n# This output is used by Xcode 'outputs' to avoid re-running this script phase.\necho \"SUCCESS\" > \"${SCRIPT_OUTPUT_FILE_0}\"\n";
			showEnvVarsInLog = 0;
		};
/* End PBXShellScriptBuildPhase section */

/* Begin PBXSourcesBuildPhase section */
		D59EF611216D23F800C25F0A /* Sources */ = {
			isa = PBXSourcesBuildPhase;
			buildActionMask = 2147483647;
			files = (
				D50A460E216D3FCF0025BC1C /* RouterMiddleware.swift in Sources */,
				D537257F2173925200C7400B /* UIKit+Extensions.swift in Sources */,
				D50A463C216D552C0025BC1C /* Parse.swift in Sources */,
				D57716ED217211E6005C1229 /* LoggerMiddleware.swift in Sources */,
				D50A4623216D441A0025BC1C /* AppLifeCycleReducer.swift in Sources */,
				D50A464B216E978F0025BC1C /* SongUpdaterMiddleware.swift in Sources */,
				D50A45D8216D2F9D0025BC1C /* Song.swift in Sources */,
				D50A45F1216D319B0025BC1C /* MainStateProvider.swift in Sources */,
				D50A4641216E7F740025BC1C /* APIResponseReducer.swift in Sources */,
				D50A45FF216D32F30025BC1C /* AppLifeCycleMiddleware.swift in Sources */,
				D50A4632216D48B10025BC1C /* StreamingServer.swift in Sources */,
				D57716E321720AEA005C1229 /* ErrorAction.swift in Sources */,
				D50A45DF216D31160025BC1C /* MainStore.swift in Sources */,
				D50A4609216D3BB10025BC1C /* AppLifeCycleEvent.swift in Sources */,
				D50A45D6216D2F930025BC1C /* Artist.swift in Sources */,
				D50A45DA216D2FAD0025BC1C /* Playlist.swift in Sources */,
				D50A4646216E8F950025BC1C /* RefreshTimerEvent.swift in Sources */,
				D50A4628216D443B0025BC1C /* AppState.swift in Sources */,
				D50A4613216D40A60025BC1C /* ParseMiddleware.swift in Sources */,
				D50A4604216D383E0025BC1C /* ResourceState.swift in Sources */,
				D50A462D216D453F0025BC1C /* Transient.swift in Sources */,
				D50A4650216EAE790025BC1C /* SongUpdaterAction.swift in Sources */,
				D50A4618216D422D0025BC1C /* ParseService.swift in Sources */,
				D50A4655216EAF040025BC1C /* SongUpdaterReducer.swift in Sources */,
				D50A45DC216D307E0025BC1C /* MainState.swift in Sources */,
				D50A4637216D4C050025BC1C /* APIProgress.swift in Sources */,
				D57716E821720DD0005C1229 /* CatchErrorMiddleware.swift in Sources */,
			);
			runOnlyForDeploymentPostprocessing = 0;
		};
		D59EF621216D242C00C25F0A /* Sources */ = {
			isa = PBXSourcesBuildPhase;
			buildActionMask = 2147483647;
			files = (
				D50A460F216D3FCF0025BC1C /* RouterMiddleware.swift in Sources */,
				D50A463D216D552C0025BC1C /* Parse.swift in Sources */,
				D57716EE217211E6005C1229 /* LoggerMiddleware.swift in Sources */,
				D50A4624216D441A0025BC1C /* AppLifeCycleReducer.swift in Sources */,
				D50A464C216E978F0025BC1C /* SongUpdaterMiddleware.swift in Sources */,
				D50A45EC216D31710025BC1C /* Song.swift in Sources */,
				D50A45F2216D319B0025BC1C /* MainStateProvider.swift in Sources */,
				D50A4642216E7F740025BC1C /* APIResponseReducer.swift in Sources */,
				D50A4600216D32F30025BC1C /* AppLifeCycleMiddleware.swift in Sources */,
				D50A4633216D48B10025BC1C /* StreamingServer.swift in Sources */,
				D57716E421720AEA005C1229 /* ErrorAction.swift in Sources */,
				D50A45ED216D31730025BC1C /* MainState.swift in Sources */,
				D50A460A216D3BB10025BC1C /* AppLifeCycleEvent.swift in Sources */,
				D50A45EA216D31710025BC1C /* Artist.swift in Sources */,
				D50A45E0216D31160025BC1C /* MainStore.swift in Sources */,
				D50A4647216E8F950025BC1C /* RefreshTimerEvent.swift in Sources */,
				D50A4629216D443B0025BC1C /* AppState.swift in Sources */,
				D50A4614216D40A60025BC1C /* ParseMiddleware.swift in Sources */,
				D50A4605216D3A240025BC1C /* ResourceState.swift in Sources */,
				D50A462E216D453F0025BC1C /* Transient.swift in Sources */,
				D50A4651216EAE790025BC1C /* SongUpdaterAction.swift in Sources */,
				D50A4619216D422D0025BC1C /* ParseService.swift in Sources */,
				D50A4656216EAF040025BC1C /* SongUpdaterReducer.swift in Sources */,
				D50A45EB216D31710025BC1C /* Playlist.swift in Sources */,
				D50A4638216D4C050025BC1C /* APIProgress.swift in Sources */,
				D57716E921720DD0005C1229 /* CatchErrorMiddleware.swift in Sources */,
			);
			runOnlyForDeploymentPostprocessing = 0;
		};
		D59EF62E216D246500C25F0A /* Sources */ = {
			isa = PBXSourcesBuildPhase;
			buildActionMask = 2147483647;
			files = (
				D50A4610216D3FCF0025BC1C /* RouterMiddleware.swift in Sources */,
				D50A463E216D552C0025BC1C /* Parse.swift in Sources */,
				D57716EF217211E6005C1229 /* LoggerMiddleware.swift in Sources */,
				D50A4625216D441A0025BC1C /* AppLifeCycleReducer.swift in Sources */,
				D50A464D216E978F0025BC1C /* SongUpdaterMiddleware.swift in Sources */,
				D50A45E9216D31700025BC1C /* Song.swift in Sources */,
				D50A45F3216D319B0025BC1C /* MainStateProvider.swift in Sources */,
				D50A4643216E7F740025BC1C /* APIResponseReducer.swift in Sources */,
				D50A4601216D32F30025BC1C /* AppLifeCycleMiddleware.swift in Sources */,
				D50A4634216D48B10025BC1C /* StreamingServer.swift in Sources */,
				D57716E521720AEA005C1229 /* ErrorAction.swift in Sources */,
				D50A45EE216D31740025BC1C /* MainState.swift in Sources */,
				D50A460B216D3BB10025BC1C /* AppLifeCycleEvent.swift in Sources */,
				D50A45E7216D31700025BC1C /* Artist.swift in Sources */,
				D53725832173928000C7400B /* UIKit+Extensions.swift in Sources */,
				D50A45E1216D31160025BC1C /* MainStore.swift in Sources */,
				D50A4648216E8F950025BC1C /* RefreshTimerEvent.swift in Sources */,
				D50A462A216D443B0025BC1C /* AppState.swift in Sources */,
				D50A4615216D40A60025BC1C /* ParseMiddleware.swift in Sources */,
				D50A4606216D3A250025BC1C /* ResourceState.swift in Sources */,
				D50A462F216D453F0025BC1C /* Transient.swift in Sources */,
				D50A4652216EAE790025BC1C /* SongUpdaterAction.swift in Sources */,
				D50A461A216D422D0025BC1C /* ParseService.swift in Sources */,
				D50A4657216EAF040025BC1C /* SongUpdaterReducer.swift in Sources */,
				D50A45E8216D31700025BC1C /* Playlist.swift in Sources */,
				D50A4639216D4C050025BC1C /* APIProgress.swift in Sources */,
				D57716EA21720DD0005C1229 /* CatchErrorMiddleware.swift in Sources */,
			);
			runOnlyForDeploymentPostprocessing = 0;
		};
		D59EF63B216D248300C25F0A /* Sources */ = {
			isa = PBXSourcesBuildPhase;
			buildActionMask = 2147483647;
			files = (
				D50A4611216D3FCF0025BC1C /* RouterMiddleware.swift in Sources */,
				D50A463F216D552C0025BC1C /* Parse.swift in Sources */,
				D57716F0217211E6005C1229 /* LoggerMiddleware.swift in Sources */,
				D50A4626216D441A0025BC1C /* AppLifeCycleReducer.swift in Sources */,
				D50A464E216E978F0025BC1C /* SongUpdaterMiddleware.swift in Sources */,
				D50A45E6216D316F0025BC1C /* Song.swift in Sources */,
				D50A45F4216D319B0025BC1C /* MainStateProvider.swift in Sources */,
				D50A4644216E7F740025BC1C /* APIResponseReducer.swift in Sources */,
				D50A4602216D32F30025BC1C /* AppLifeCycleMiddleware.swift in Sources */,
				D50A4635216D48B10025BC1C /* StreamingServer.swift in Sources */,
				D57716E621720AEA005C1229 /* ErrorAction.swift in Sources */,
				D50A45EF216D31750025BC1C /* MainState.swift in Sources */,
				D50A460C216D3BB10025BC1C /* AppLifeCycleEvent.swift in Sources */,
				D50A45E4216D316F0025BC1C /* Artist.swift in Sources */,
				D50A45E2216D31160025BC1C /* MainStore.swift in Sources */,
				D50A4649216E8F950025BC1C /* RefreshTimerEvent.swift in Sources */,
				D50A462B216D443B0025BC1C /* AppState.swift in Sources */,
				D50A4616216D40A60025BC1C /* ParseMiddleware.swift in Sources */,
				D50A4607216D3A260025BC1C /* ResourceState.swift in Sources */,
				D50A4630216D453F0025BC1C /* Transient.swift in Sources */,
				D50A4653216EAE790025BC1C /* SongUpdaterAction.swift in Sources */,
				D50A461B216D422D0025BC1C /* ParseService.swift in Sources */,
				D50A4658216EAF040025BC1C /* SongUpdaterReducer.swift in Sources */,
				D50A45E5216D316F0025BC1C /* Playlist.swift in Sources */,
				D50A463A216D4C050025BC1C /* APIProgress.swift in Sources */,
				D57716EB21720DD0005C1229 /* CatchErrorMiddleware.swift in Sources */,
			);
			runOnlyForDeploymentPostprocessing = 0;
		};
/* End PBXSourcesBuildPhase section */

/* Begin XCBuildConfiguration section */
		D59EF61B216D23F800C25F0A /* Debug */ = {
			isa = XCBuildConfiguration;
			buildSettings = {
				ALWAYS_SEARCH_USER_PATHS = NO;
				CLANG_ANALYZER_NONNULL = YES;
				CLANG_ANALYZER_NUMBER_OBJECT_CONVERSION = YES_AGGRESSIVE;
				CLANG_CXX_LANGUAGE_STANDARD = "gnu++14";
				CLANG_CXX_LIBRARY = "libc++";
				CLANG_ENABLE_MODULES = YES;
				CLANG_ENABLE_OBJC_ARC = YES;
				CLANG_ENABLE_OBJC_WEAK = YES;
				CLANG_WARN_BLOCK_CAPTURE_AUTORELEASING = YES;
				CLANG_WARN_BOOL_CONVERSION = YES;
				CLANG_WARN_COMMA = YES;
				CLANG_WARN_CONSTANT_CONVERSION = YES;
				CLANG_WARN_DEPRECATED_OBJC_IMPLEMENTATIONS = YES;
				CLANG_WARN_DIRECT_OBJC_ISA_USAGE = YES_ERROR;
				CLANG_WARN_DOCUMENTATION_COMMENTS = YES;
				CLANG_WARN_EMPTY_BODY = YES;
				CLANG_WARN_ENUM_CONVERSION = YES;
				CLANG_WARN_INFINITE_RECURSION = YES;
				CLANG_WARN_INT_CONVERSION = YES;
				CLANG_WARN_NON_LITERAL_NULL_CONVERSION = YES;
				CLANG_WARN_OBJC_IMPLICIT_RETAIN_SELF = YES;
				CLANG_WARN_OBJC_LITERAL_CONVERSION = YES;
				CLANG_WARN_OBJC_ROOT_CLASS = YES_ERROR;
				CLANG_WARN_RANGE_LOOP_ANALYSIS = YES;
				CLANG_WARN_STRICT_PROTOTYPES = YES;
				CLANG_WARN_SUSPICIOUS_MOVE = YES;
				CLANG_WARN_UNGUARDED_AVAILABILITY = YES_AGGRESSIVE;
				CLANG_WARN_UNREACHABLE_CODE = YES;
				CLANG_WARN__DUPLICATE_METHOD_MATCH = YES;
				CODE_SIGN_IDENTITY = "iPhone Developer";
				COPY_PHASE_STRIP = NO;
				CURRENT_PROJECT_VERSION = 1;
				DEBUG_INFORMATION_FORMAT = dwarf;
				ENABLE_STRICT_OBJC_MSGSEND = YES;
				ENABLE_TESTABILITY = YES;
				GCC_C_LANGUAGE_STANDARD = gnu11;
				GCC_DYNAMIC_NO_PIC = NO;
				GCC_NO_COMMON_BLOCKS = YES;
				GCC_OPTIMIZATION_LEVEL = 0;
				GCC_PREPROCESSOR_DEFINITIONS = (
					"DEBUG=1",
					"$(inherited)",
				);
				GCC_WARN_64_TO_32_BIT_CONVERSION = YES;
				GCC_WARN_ABOUT_RETURN_TYPE = YES_ERROR;
				GCC_WARN_UNDECLARED_SELECTOR = YES;
				GCC_WARN_UNINITIALIZED_AUTOS = YES_AGGRESSIVE;
				GCC_WARN_UNUSED_FUNCTION = YES;
				GCC_WARN_UNUSED_VARIABLE = YES;
				IPHONEOS_DEPLOYMENT_TARGET = 10.0;
				MTL_ENABLE_DEBUG_INFO = INCLUDE_SOURCE;
				MTL_FAST_MATH = YES;
				ONLY_ACTIVE_ARCH = YES;
				SDKROOT = iphoneos;
				SWIFT_ACTIVE_COMPILATION_CONDITIONS = DEBUG;
				SWIFT_OPTIMIZATION_LEVEL = "-Onone";
				VERSIONING_SYSTEM = "apple-generic";
				VERSION_INFO_PREFIX = "";
			};
			name = Debug;
		};
		D59EF61C216D23F800C25F0A /* Release */ = {
			isa = XCBuildConfiguration;
			buildSettings = {
				ALWAYS_SEARCH_USER_PATHS = NO;
				CLANG_ANALYZER_NONNULL = YES;
				CLANG_ANALYZER_NUMBER_OBJECT_CONVERSION = YES_AGGRESSIVE;
				CLANG_CXX_LANGUAGE_STANDARD = "gnu++14";
				CLANG_CXX_LIBRARY = "libc++";
				CLANG_ENABLE_MODULES = YES;
				CLANG_ENABLE_OBJC_ARC = YES;
				CLANG_ENABLE_OBJC_WEAK = YES;
				CLANG_WARN_BLOCK_CAPTURE_AUTORELEASING = YES;
				CLANG_WARN_BOOL_CONVERSION = YES;
				CLANG_WARN_COMMA = YES;
				CLANG_WARN_CONSTANT_CONVERSION = YES;
				CLANG_WARN_DEPRECATED_OBJC_IMPLEMENTATIONS = YES;
				CLANG_WARN_DIRECT_OBJC_ISA_USAGE = YES_ERROR;
				CLANG_WARN_DOCUMENTATION_COMMENTS = YES;
				CLANG_WARN_EMPTY_BODY = YES;
				CLANG_WARN_ENUM_CONVERSION = YES;
				CLANG_WARN_INFINITE_RECURSION = YES;
				CLANG_WARN_INT_CONVERSION = YES;
				CLANG_WARN_NON_LITERAL_NULL_CONVERSION = YES;
				CLANG_WARN_OBJC_IMPLICIT_RETAIN_SELF = YES;
				CLANG_WARN_OBJC_LITERAL_CONVERSION = YES;
				CLANG_WARN_OBJC_ROOT_CLASS = YES_ERROR;
				CLANG_WARN_RANGE_LOOP_ANALYSIS = YES;
				CLANG_WARN_STRICT_PROTOTYPES = YES;
				CLANG_WARN_SUSPICIOUS_MOVE = YES;
				CLANG_WARN_UNGUARDED_AVAILABILITY = YES_AGGRESSIVE;
				CLANG_WARN_UNREACHABLE_CODE = YES;
				CLANG_WARN__DUPLICATE_METHOD_MATCH = YES;
				CODE_SIGN_IDENTITY = "iPhone Developer";
				COPY_PHASE_STRIP = NO;
				CURRENT_PROJECT_VERSION = 1;
				DEBUG_INFORMATION_FORMAT = "dwarf-with-dsym";
				ENABLE_NS_ASSERTIONS = NO;
				ENABLE_STRICT_OBJC_MSGSEND = YES;
				GCC_C_LANGUAGE_STANDARD = gnu11;
				GCC_NO_COMMON_BLOCKS = YES;
				GCC_WARN_64_TO_32_BIT_CONVERSION = YES;
				GCC_WARN_ABOUT_RETURN_TYPE = YES_ERROR;
				GCC_WARN_UNDECLARED_SELECTOR = YES;
				GCC_WARN_UNINITIALIZED_AUTOS = YES_AGGRESSIVE;
				GCC_WARN_UNUSED_FUNCTION = YES;
				GCC_WARN_UNUSED_VARIABLE = YES;
				IPHONEOS_DEPLOYMENT_TARGET = 10.0;
				MTL_ENABLE_DEBUG_INFO = NO;
				MTL_FAST_MATH = YES;
				SDKROOT = iphoneos;
				SWIFT_COMPILATION_MODE = wholemodule;
				SWIFT_OPTIMIZATION_LEVEL = "-O";
				VALIDATE_PRODUCT = YES;
				VERSIONING_SYSTEM = "apple-generic";
				VERSION_INFO_PREFIX = "";
			};
			name = Release;
		};
		D59EF61E216D23F800C25F0A /* Debug */ = {
			isa = XCBuildConfiguration;
			baseConfigurationReference = 880927043EF9282E1EE07A6C /* Pods-Core iOS.debug.xcconfig */;
			buildSettings = {
				APPLICATION_EXTENSION_API_ONLY = YES;
				CLANG_ENABLE_MODULES = YES;
				CODE_SIGN_IDENTITY = "";
				CODE_SIGN_STYLE = Automatic;
				DEFINES_MODULE = YES;
				DYLIB_COMPATIBILITY_VERSION = 1;
				DYLIB_CURRENT_VERSION = 1;
				DYLIB_INSTALL_NAME_BASE = "@rpath";
				INFOPLIST_FILE = "$(SRCROOT)/Sources/Info-iOS.plist";
				INSTALL_PATH = "$(LOCAL_LIBRARY_DIR)/Frameworks";
				IPHONEOS_DEPLOYMENT_TARGET = 10.0;
				LD_RUNPATH_SEARCH_PATHS = (
					"$(inherited)",
					"@executable_path/Frameworks",
					"@loader_path/Frameworks",
				);
				PRODUCT_BUNDLE_IDENTIFIER = "de.developercity.Core-iOS";
				PRODUCT_NAME = Core;
				SKIP_INSTALL = YES;
				SWIFT_OPTIMIZATION_LEVEL = "-Onone";
				SWIFT_VERSION = 4.2;
				TARGETED_DEVICE_FAMILY = "1,2";
			};
			name = Debug;
		};
		D59EF61F216D23F800C25F0A /* Release */ = {
			isa = XCBuildConfiguration;
			baseConfigurationReference = F67F5BF90199FA74CB51A39A /* Pods-Core iOS.release.xcconfig */;
			buildSettings = {
				APPLICATION_EXTENSION_API_ONLY = YES;
				CLANG_ENABLE_MODULES = YES;
				CODE_SIGN_IDENTITY = "";
				CODE_SIGN_STYLE = Automatic;
				DEFINES_MODULE = YES;
				DYLIB_COMPATIBILITY_VERSION = 1;
				DYLIB_CURRENT_VERSION = 1;
				DYLIB_INSTALL_NAME_BASE = "@rpath";
				INFOPLIST_FILE = "$(SRCROOT)/Sources/Info-iOS.plist";
				INSTALL_PATH = "$(LOCAL_LIBRARY_DIR)/Frameworks";
				IPHONEOS_DEPLOYMENT_TARGET = 10.0;
				LD_RUNPATH_SEARCH_PATHS = (
					"$(inherited)",
					"@executable_path/Frameworks",
					"@loader_path/Frameworks",
				);
				PRODUCT_BUNDLE_IDENTIFIER = "de.developercity.Core-iOS";
				PRODUCT_NAME = Core;
				SKIP_INSTALL = YES;
				SWIFT_VERSION = 4.2;
				TARGETED_DEVICE_FAMILY = "1,2";
			};
			name = Release;
		};
		D59EF62B216D242C00C25F0A /* Debug */ = {
			isa = XCBuildConfiguration;
			baseConfigurationReference = D8BD29EDC070D04BC602FCDB /* Pods-Core watchOS.debug.xcconfig */;
			buildSettings = {
				APPLICATION_EXTENSION_API_ONLY = YES;
				CLANG_ENABLE_MODULES = YES;
				CODE_SIGN_IDENTITY = "";
				CODE_SIGN_STYLE = Automatic;
				DEFINES_MODULE = YES;
				DYLIB_COMPATIBILITY_VERSION = 1;
				DYLIB_CURRENT_VERSION = 1;
				DYLIB_INSTALL_NAME_BASE = "@rpath";
				INFOPLIST_FILE = "$(SRCROOT)/Sources/Info-watchOS.plist";
				INSTALL_PATH = "$(LOCAL_LIBRARY_DIR)/Frameworks";
				LD_RUNPATH_SEARCH_PATHS = (
					"$(inherited)",
					"@executable_path/Frameworks",
					"@loader_path/Frameworks",
				);
				PRODUCT_BUNDLE_IDENTIFIER = "de.developercity.Core-watchOS";
				PRODUCT_NAME = Core;
				SDKROOT = watchos;
				SKIP_INSTALL = YES;
				SWIFT_OPTIMIZATION_LEVEL = "-Onone";
				SWIFT_VERSION = 4.2;
				TARGETED_DEVICE_FAMILY = 4;
				WATCHOS_DEPLOYMENT_TARGET = 4.0;
			};
			name = Debug;
		};
		D59EF62C216D242C00C25F0A /* Release */ = {
			isa = XCBuildConfiguration;
			baseConfigurationReference = B8EDF74F03E6A849C19A42E4 /* Pods-Core watchOS.release.xcconfig */;
			buildSettings = {
				APPLICATION_EXTENSION_API_ONLY = YES;
				CLANG_ENABLE_MODULES = YES;
				CODE_SIGN_IDENTITY = "";
				CODE_SIGN_STYLE = Automatic;
				DEFINES_MODULE = YES;
				DYLIB_COMPATIBILITY_VERSION = 1;
				DYLIB_CURRENT_VERSION = 1;
				DYLIB_INSTALL_NAME_BASE = "@rpath";
				INFOPLIST_FILE = "$(SRCROOT)/Sources/Info-watchOS.plist";
				INSTALL_PATH = "$(LOCAL_LIBRARY_DIR)/Frameworks";
				LD_RUNPATH_SEARCH_PATHS = (
					"$(inherited)",
					"@executable_path/Frameworks",
					"@loader_path/Frameworks",
				);
				PRODUCT_BUNDLE_IDENTIFIER = "de.developercity.Core-watchOS";
				PRODUCT_NAME = Core;
				SDKROOT = watchos;
				SKIP_INSTALL = YES;
				SWIFT_VERSION = 4.2;
				TARGETED_DEVICE_FAMILY = 4;
				WATCHOS_DEPLOYMENT_TARGET = 4.0;
			};
			name = Release;
		};
		D59EF638216D246500C25F0A /* Debug */ = {
			isa = XCBuildConfiguration;
			baseConfigurationReference = F3EB95A34FA8028502F7CFC3 /* Pods-Core tvOS.debug.xcconfig */;
			buildSettings = {
				APPLICATION_EXTENSION_API_ONLY = YES;
				CLANG_ENABLE_MODULES = YES;
				CODE_SIGN_IDENTITY = "";
				CODE_SIGN_STYLE = Automatic;
				DEFINES_MODULE = YES;
				DYLIB_COMPATIBILITY_VERSION = 1;
				DYLIB_CURRENT_VERSION = 1;
				DYLIB_INSTALL_NAME_BASE = "@rpath";
				INFOPLIST_FILE = "$(SRCROOT)/Sources/Info-tvOS.plist";
				INSTALL_PATH = "$(LOCAL_LIBRARY_DIR)/Frameworks";
				LD_RUNPATH_SEARCH_PATHS = (
					"$(inherited)",
					"@executable_path/Frameworks",
					"@loader_path/Frameworks",
				);
				PRODUCT_BUNDLE_IDENTIFIER = "de.developercity.Core-tvOS";
				PRODUCT_NAME = Core;
				SDKROOT = appletvos;
				SKIP_INSTALL = YES;
				SWIFT_OPTIMIZATION_LEVEL = "-Onone";
				SWIFT_VERSION = 4.2;
				TARGETED_DEVICE_FAMILY = 3;
				TVOS_DEPLOYMENT_TARGET = 10.0;
			};
			name = Debug;
		};
		D59EF639216D246500C25F0A /* Release */ = {
			isa = XCBuildConfiguration;
			baseConfigurationReference = 3746C3CFF5405334D8CD88F2 /* Pods-Core tvOS.release.xcconfig */;
			buildSettings = {
				APPLICATION_EXTENSION_API_ONLY = YES;
				CLANG_ENABLE_MODULES = YES;
				CODE_SIGN_IDENTITY = "";
				CODE_SIGN_STYLE = Automatic;
				DEFINES_MODULE = YES;
				DYLIB_COMPATIBILITY_VERSION = 1;
				DYLIB_CURRENT_VERSION = 1;
				DYLIB_INSTALL_NAME_BASE = "@rpath";
				INFOPLIST_FILE = "$(SRCROOT)/Sources/Info-tvOS.plist";
				INSTALL_PATH = "$(LOCAL_LIBRARY_DIR)/Frameworks";
				LD_RUNPATH_SEARCH_PATHS = (
					"$(inherited)",
					"@executable_path/Frameworks",
					"@loader_path/Frameworks",
				);
				PRODUCT_BUNDLE_IDENTIFIER = "de.developercity.Core-tvOS";
				PRODUCT_NAME = Core;
				SDKROOT = appletvos;
				SKIP_INSTALL = YES;
				SWIFT_VERSION = 4.2;
				TARGETED_DEVICE_FAMILY = 3;
				TVOS_DEPLOYMENT_TARGET = 10.0;
			};
			name = Release;
		};
		D59EF645216D248300C25F0A /* Debug */ = {
			isa = XCBuildConfiguration;
			baseConfigurationReference = 169CC66174D8E54FB370942D /* Pods-Core macOS.debug.xcconfig */;
			buildSettings = {
				APPLICATION_EXTENSION_API_ONLY = YES;
				CLANG_ENABLE_MODULES = YES;
				CODE_SIGN_IDENTITY = "-";
				CODE_SIGN_STYLE = Automatic;
				COMBINE_HIDPI_IMAGES = YES;
				DEFINES_MODULE = YES;
				DYLIB_COMPATIBILITY_VERSION = 1;
				DYLIB_CURRENT_VERSION = 1;
				DYLIB_INSTALL_NAME_BASE = "@rpath";
				FRAMEWORK_VERSION = A;
				INFOPLIST_FILE = "$(SRCROOT)/Sources/Info-macOS.plist";
				INSTALL_PATH = "$(LOCAL_LIBRARY_DIR)/Frameworks";
				LD_RUNPATH_SEARCH_PATHS = (
					"$(inherited)",
					"@executable_path/../Frameworks",
					"@loader_path/Frameworks",
				);
				MACOSX_DEPLOYMENT_TARGET = 10.12;
				PRODUCT_BUNDLE_IDENTIFIER = "de.developercity.Core-macOS";
				PRODUCT_NAME = Core;
				SDKROOT = macosx;
				SKIP_INSTALL = YES;
				SWIFT_OPTIMIZATION_LEVEL = "-Onone";
				SWIFT_VERSION = 4.2;
			};
			name = Debug;
		};
		D59EF646216D248300C25F0A /* Release */ = {
			isa = XCBuildConfiguration;
			baseConfigurationReference = 1E1D91E298EC8EB427F0F7CD /* Pods-Core macOS.release.xcconfig */;
			buildSettings = {
				APPLICATION_EXTENSION_API_ONLY = YES;
				CLANG_ENABLE_MODULES = YES;
				CODE_SIGN_IDENTITY = "-";
				CODE_SIGN_STYLE = Automatic;
				COMBINE_HIDPI_IMAGES = YES;
				DEFINES_MODULE = YES;
				DYLIB_COMPATIBILITY_VERSION = 1;
				DYLIB_CURRENT_VERSION = 1;
				DYLIB_INSTALL_NAME_BASE = "@rpath";
				FRAMEWORK_VERSION = A;
				INFOPLIST_FILE = "$(SRCROOT)/Sources/Info-macOS.plist";
				INSTALL_PATH = "$(LOCAL_LIBRARY_DIR)/Frameworks";
				LD_RUNPATH_SEARCH_PATHS = (
					"$(inherited)",
					"@executable_path/../Frameworks",
					"@loader_path/Frameworks",
				);
				MACOSX_DEPLOYMENT_TARGET = 10.12;
				PRODUCT_BUNDLE_IDENTIFIER = "de.developercity.Core-macOS";
				PRODUCT_NAME = Core;
				SDKROOT = macosx;
				SKIP_INSTALL = YES;
				SWIFT_VERSION = 4.2;
			};
			name = Release;
		};
/* End XCBuildConfiguration section */

/* Begin XCConfigurationList section */
		D59EF60F216D23F800C25F0A /* Build configuration list for PBXProject "Core" */ = {
			isa = XCConfigurationList;
			buildConfigurations = (
				D59EF61B216D23F800C25F0A /* Debug */,
				D59EF61C216D23F800C25F0A /* Release */,
			);
			defaultConfigurationIsVisible = 0;
			defaultConfigurationName = Release;
		};
		D59EF61D216D23F800C25F0A /* Build configuration list for PBXNativeTarget "Core iOS" */ = {
			isa = XCConfigurationList;
			buildConfigurations = (
				D59EF61E216D23F800C25F0A /* Debug */,
				D59EF61F216D23F800C25F0A /* Release */,
			);
			defaultConfigurationIsVisible = 0;
			defaultConfigurationName = Release;
		};
		D59EF62A216D242C00C25F0A /* Build configuration list for PBXNativeTarget "Core watchOS" */ = {
			isa = XCConfigurationList;
			buildConfigurations = (
				D59EF62B216D242C00C25F0A /* Debug */,
				D59EF62C216D242C00C25F0A /* Release */,
			);
			defaultConfigurationIsVisible = 0;
			defaultConfigurationName = Release;
		};
		D59EF637216D246500C25F0A /* Build configuration list for PBXNativeTarget "Core tvOS" */ = {
			isa = XCConfigurationList;
			buildConfigurations = (
				D59EF638216D246500C25F0A /* Debug */,
				D59EF639216D246500C25F0A /* Release */,
			);
			defaultConfigurationIsVisible = 0;
			defaultConfigurationName = Release;
		};
		D59EF644216D248300C25F0A /* Build configuration list for PBXNativeTarget "Core macOS" */ = {
			isa = XCConfigurationList;
			buildConfigurations = (
				D59EF645216D248300C25F0A /* Debug */,
				D59EF646216D248300C25F0A /* Release */,
			);
			defaultConfigurationIsVisible = 0;
			defaultConfigurationName = Release;
		};
/* End XCConfigurationList section */
	};
	rootObject = D59EF60C216D23F800C25F0A /* Project object */;
}
